{
    "_meta": {
        "hash": {
            "sha256": "f9973bdfa13947f26c65b44495069a456fe600e8ed0adb5408231f69c4728434"
        },
        "pipfile-spec": 6,
        "requires": {
            "python_version": "3"
        },
        "sources": [
            {
                "name": "pypi",
                "url": "https://pypi.org/simple",
                "verify_ssl": true
            },
            {
                "name": "piwheels",
                "url": "https://www.piwheels.org/simple",
                "verify_ssl": true
            }
        ]
    },
    "default": {
        "ilab": {
            "hashes": [
                "sha256:b00f0c58cc5c03a6b73c7c71cc074e9eafd6d2fe75781f3afe9aa73d530f0702"
            ],
            "index": "pypi",
            "version": "==0.0"
        }
    },
    "develop": {}
}
