{
    "_meta": {
        "hash": {
            "sha256": "39ae964d0d6ea81b259ebd7ea6ffdb0b8e689278b136b003064015fdf7a80bd9"
        },
        "pipfile-spec": 6,
        "requires": {
            "python_version": "3"
        },
        "sources": [
            {
                "name": "pypi",
                "url": "https://pypi.org/simple",
                "verify_ssl": true
            },
            {
                "name": "piwheels",
                "url": "https://www.piwheels.org/simple",
                "verify_ssl": true
            }
        ]
    },
    "default": {
        "hdbcli": {
            "hashes": [
                "sha256:21a77f5811b5864568699e5d862f6f461f38aff33033ff7a4425ed1aa02b2b85",
                "sha256:3b4e432e089e2627a75dc9774afc1119d5390d328a0680cd13d414a4fcb0b710",
                "sha256:465d7816f16fac4fbddd3825bda75fdd9f842550eacb2f1b6828111df91b9ba0",
                "sha256:77340ceefa3d38cfc11bd15b158d39432f1332373ac76a8185d2017625e7b1ec",
                "sha256:7924f936480c85eccfca52eab85867a0d87b37b926c6a308125fd94db30973c2",
                "sha256:b6d532667231c35ad14283c60a05e151e14c11be0278e9cb845fe6bde41bb0ce",
                "sha256:bedf21b7065cf1d0a0c161615d0c24a8e7cf6a57fe252dd3a1cada1d32b25062"
            ],
            "index": "pypi",
            "version": "==2.23.26"
        }
    },
    "develop": {}
}
