{
    "_meta": {
        "hash": {
            "sha256": "39ae964d0d6ea81b259ebd7ea6ffdb0b8e689278b136b003064015fdf7a80bd9"
        },
        "pipfile-spec": 6,
        "requires": {
            "python_version": "3"
        },
        "sources": [
            {
                "name": "pypi",
                "url": "https://pypi.org/simple",
                "verify_ssl": true
            },
            {
                "name": "piwheels",
                "url": "https://www.piwheels.org/simple",
                "verify_ssl": true
            }
        ]
    },
    "default": {
        "hdbcli": {
            "hashes": [
                "sha256:17827a09155f3f7f4603421e8839060b063591e5ba94cdb7668340050337e4b1",
                "sha256:2a7f673e9ed65fd201765cbc4aecfd2481a3a963e89c17facd098909e3205516",
                "sha256:380ac0eb65e00f3eeb617e3b91faddf872644b5377685138ed92bed7283e76a5",
                "sha256:39e85c52c26636c4ddc7e6d1e784a4723cd62b76962a0e58ab6f94d0bce65dff",
                "sha256:4b53ea5d75a951d408910db9a0b39c02c10f4da4d7f7f92c327ce3a9e17d3a2a",
                "sha256:4e6ec714daed54faff22d1e484662e1362afbc1bb50c71eec03e50396e69919d",
                "sha256:63d125951bdd679dfe1d040a398e14dfe655e4223a3aacb7b876fb67a57c3743",
                "sha256:8b7e25ab0fc41fbd18ec6255f6c8a28b350dde869c4e09b42c5e04e344cdb258",
                "sha256:a7d33f38113e872cd8d2fb05871a3df78080f80f2d551164be5e355717475ae1",
                "sha256:a9a455735f27661f326bde3ecdda96b4cbe860018b7fa80f4f1b293d78918340",
                "sha256:b9abf269825ff4a2369d871dabf7e70af0c4d5c538873fa8c22a06452c8efc7c",
                "sha256:e9cd5969c4845e3ade1bbf30438bb63e1b6fbeecd61b6d7b0fb7fd4fd9d4e414",
                "sha256:eff39768fcaa34af1a84f4ef02082aa74bcffc06367da239967244b900e2eaf6",
                "sha256:fe87be382f869fc14b732ee17c7dbfd08a85d711d8bd78401ad3062afe7d6bbf"
            ],
            "index": "pypi",
            "version": "==2.20.22"
        }
    },
    "develop": {}
}
