{
    "_meta": {
        "hash": {
            "sha256": "39ae964d0d6ea81b259ebd7ea6ffdb0b8e689278b136b003064015fdf7a80bd9"
        },
        "pipfile-spec": 6,
        "requires": {
            "python_version": "3"
        },
        "sources": [
            {
                "name": "pypi",
                "url": "https://pypi.org/simple",
                "verify_ssl": true
            },
            {
                "name": "piwheels",
                "url": "https://www.piwheels.org/simple",
                "verify_ssl": true
            }
        ]
    },
    "default": {
        "hdbcli": {
            "hashes": [
                "sha256:04d72369c6e1d8d6f39c996597fe353cbc4646df2e96ea0f535f82c2d0e22499",
                "sha256:1721854cecc4efb51eff7b2271e34eddd7e41175263124a03ab460373e126507",
                "sha256:37c818fb82e821e4da72601dc489e76da0741de8cb355120d9775664cc2be1a9",
                "sha256:5f98b22fd200bc91697dabe51ffbd58d695a590fa8a7527a3d036e91b6256d40",
                "sha256:68b8cd7070403609f69ab062c14ca0424fab4f28bfcbdccd51842f2fb596d3e2",
                "sha256:77b2a5eb121bfae1223a1c9c3ad6f2deb657388508e448c543ab73e239354787",
                "sha256:9ac9b6c940658466c2644a5e86ba50925d2c9f4e7a6ccd63da91829c8c0fb5a3",
                "sha256:9b6660ae9daaa39e866fc753a9b76e1280c1ce3f14f9c581951f14e9a61b19cb",
                "sha256:aa2e889928ad8382857605c1a29ea269073817271f31450bab5b9956d719fbb2",
                "sha256:cbc75e89e639b5edbc07ad75d7fc0bdf41a055b006646c61cd2ede2c5ba2a128",
                "sha256:e0fa0b2a56df120654d446049142417909c3dfaf3c2181de099473e0b9087875",
                "sha256:e479b92826b70f7a63e9d8d24ad677fb04ee6dec0dfe9bb093fcb94d8b40a7e2",
                "sha256:e7cd64ada8c3a70982e212184a559755ae69cba79936af0e126d65927c8baccd",
                "sha256:f34999aec6b4c624604f85365a77249ca868c48cc0ddb60ba3a5e0481592fe7d"
            ],
            "index": "pypi",
            "version": "==2.22.27"
        }
    },
    "develop": {}
}
