version = 1
revision = 3
requires-python = ">=3.13"

[[package]]
name = "hdbcli"
version = "2.28.22"
source = { registry = "https://pypi.org/simple" }
wheels = [
    { url = "https://files.pythonhosted.org/packages/a0/87/211796399275a453f32aa900293e986ceafc9ed33bf83df7d379a3aaf3cb/hdbcli-2.28.22-cp38-abi3-macosx_10_15_x86_64.whl", hash = "sha256:f962b5b192c8867c00458818b4b40399eb90cad36f7c4decef90ffe062e12a32", size = 5681461, upload-time = "2026-06-15T18:40:10.051Z" },
    { url = "https://files.pythonhosted.org/packages/76/11/5d78c0ccf3c11cb5899ea879e8ff4df2452725354f56ab19c8f557ab333e/hdbcli-2.28.22-cp38-abi3-macosx_11_0_arm64.whl", hash = "sha256:7483649bd89a61a5df51240e94bfc88dc5a9f59659ca7a333dab353fb3e38dcb", size = 5150951, upload-time = "2026-06-15T18:40:12.546Z" },
    { url = "https://files.pythonhosted.org/packages/20/85/3959a7eb99da74466b73c63a7b871604d9bbb52d17b2f30e07022f30b5ea/hdbcli-2.28.22-cp38-abi3-manylinux2014_aarch64.whl", hash = "sha256:e465ae23b13d11afaf141c5893f81155e70072a1e668d4131232a1111d395ec5", size = 5638791, upload-time = "2026-06-15T18:40:14.188Z" },
    { url = "https://files.pythonhosted.org/packages/77/4c/9605534a1f7f356b0114b720d598aa12187e4c7eb5b33d863f1e077ff0ba/hdbcli-2.28.22-cp38-abi3-manylinux2014_ppc64le.whl", hash = "sha256:db7663117919f663c691ee187f835a8916c0200cf07b67ce7aad4a4268fc23f4", size = 6074434, upload-time = "2026-06-15T18:40:16.005Z" },
    { url = "https://files.pythonhosted.org/packages/ee/7e/a4ef607ab086df60a6f2a6241b3eb9adcdfc4b7261bfffd1030446cfa8be/hdbcli-2.28.22-cp38-abi3-manylinux2014_x86_64.whl", hash = "sha256:277f5de80296aaeced6d46d734fa047994f9dc5ca1b34ffbcd68c69a9be93801", size = 5912594, upload-time = "2026-06-15T18:40:17.81Z" },
    { url = "https://files.pythonhosted.org/packages/93/5c/7f8fc1dfd8d801a88ec5e8c7dcd5a5383f0aff1df7ee68a141ff383a1bca/hdbcli-2.28.22-cp38-abi3-musllinux_1_2_x86_64.whl", hash = "sha256:9609863d932f48d94333612b80d1905c9045f27c12649cbe4b14f307eda0e756", size = 5811256, upload-time = "2026-06-15T18:40:19.691Z" },
    { url = "https://files.pythonhosted.org/packages/bd/fa/23ade1b568c5a7d09fca5eb4838e9dc73cc4a0897e7987b2c2cf4ac51f85/hdbcli-2.28.22-cp38-abi3-win32.whl", hash = "sha256:4fedfeb898d5e058538856f569ccfa0f8c0e38509e20a30a0834171ce95fdf6f", size = 3382883, upload-time = "2026-06-15T18:40:21.716Z" },
    { url = "https://files.pythonhosted.org/packages/35/1d/0b33675603740e81ff6b96331f8bfe28d4b0338907ec8b5eb9e5e1947a34/hdbcli-2.28.22-cp38-abi3-win_amd64.whl", hash = "sha256:41c60ca06934be3743b154ae5c4c8b3fc175d23b023156cd4f0e5045a46589f7", size = 3687685, upload-time = "2026-06-15T18:40:23.444Z" },
]

[[package]]
name = "hdbcli-project"
source = { virtual = "." }
dependencies = [
    { name = "hdbcli" },
]

[package.metadata]
requires-dist = [{ name = "hdbcli" }]
