version = 1
revision = 3
requires-python = ">=3.13"

[[package]]
name = "hdbcli"
version = "2.30.24"
source = { registry = "https://pypi.org/simple" }
wheels = [
    { url = "https://files.pythonhosted.org/packages/ce/ca/580cb9cd4b1e6c8a4d843895c7e859fa6011dd57e1e5a7339a7c174a8faa/hdbcli-2.30.24-cp310-abi3-macosx_13_0_arm64.whl", hash = "sha256:049b397532c0df9d4985de53be9bfa6f8d5704519ac6217858d6e52ecde77189", size = 5257185, upload-time = "2026-09-15T13:52:40.02Z" },
    { url = "https://files.pythonhosted.org/packages/53/14/973d79a00fd352497f04b7bc78693516aa2cde3bad994a06c9e212803ca8/hdbcli-2.30.24-cp310-abi3-macosx_13_0_x86_64.whl", hash = "sha256:ebcc8ac24e993671c6e80f0d9ee45c33d5d4d7bfa62115e5be49c0d50cb99f5b", size = 5757927, upload-time = "2026-09-15T13:52:42.135Z" },
    { url = "https://files.pythonhosted.org/packages/ae/a3/39e5bd5bcc5678467c513afd2ad9d1d85c4a40ebb61b64e83dffc2e5297b/hdbcli-2.30.24-cp310-abi3-manylinux2014_aarch64.whl", hash = "sha256:c1ca71da0541b11bbe26cd32f3c426dbd446cdc6a0a6a4ece7ef0e49c151e15e", size = 5569793, upload-time = "2026-09-15T13:52:43.827Z" },
    { url = "https://files.pythonhosted.org/packages/a7/6a/260716dd8107377c855d7bc0431b55215b36ff393042ad283645b142af34/hdbcli-2.30.24-cp310-abi3-manylinux2014_ppc64le.whl", hash = "sha256:c18d25b4fcbc171719f9d0fda80adc554bff866957bbf0f16e65f9e975432d5b", size = 6163980, upload-time = "2026-09-15T13:52:45.873Z" },
    { url = "https://files.pythonhosted.org/packages/5f/f9/bc8e776b4fa7d2b43e6dfe3d284081913f5c974802966062723d0590f387/hdbcli-2.30.24-cp310-abi3-manylinux2014_x86_64.whl", hash = "sha256:72ef5b946a2fbce4eca2223af21b50c9b9f2c0f0e79e79bd6a3ec19b3895a1ff", size = 5901788, upload-time = "2026-09-15T13:52:47.474Z" },
    { url = "https://files.pythonhosted.org/packages/85/ac/e2d26821e21d0f1b247182c5fa3f0599c09ed4da526b907a3bdd8626a289/hdbcli-2.30.24-cp310-abi3-musllinux_1_2_x86_64.whl", hash = "sha256:72d9ad71693638eaff3423f7ba35f357db3990f4ae35d6291b9c8d2373024d8c", size = 6003760, upload-time = "2026-09-15T13:52:49.329Z" },
    { url = "https://files.pythonhosted.org/packages/cb/8f/3420d0ab67380796ef1b6b55adf136d8d3b7e901e8df4338d7135b504ea9/hdbcli-2.30.24-cp310-abi3-win32.whl", hash = "sha256:8dfd2639e72fb1cfab72dc4b1193f10b546bc4b41c77edb52dc469fef9abdd10", size = 3459579, upload-time = "2026-09-15T13:52:50.951Z" },
    { url = "https://files.pythonhosted.org/packages/f4/1e/f8af1a5a837ce36cfaab076431c78bbc0f59606d11baeb823e21b2befcb8/hdbcli-2.30.24-cp310-abi3-win_amd64.whl", hash = "sha256:1fbc0d8caa010ffb5a9c8828609a72f40ea34f336a680a5095efade39db788ef", size = 3813989, upload-time = "2026-09-15T13:52:52.696Z" },
]

[[package]]
name = "hdbcli-project"
source = { virtual = "." }
dependencies = [
    { name = "hdbcli" },
]

[package.metadata]
requires-dist = [{ name = "hdbcli" }]
