{
    "_meta": {
        "hash": {
            "sha256": "26e3541686b78bceca285346e2c7cf5e474011033e483abb2e2cb9578fc9a105"
        },
        "pipfile-spec": 6,
        "requires": {
            "python_version": "3"
        },
        "sources": [
            {
                "name": "pypi",
                "url": "https://pypi.org/simple",
                "verify_ssl": true
            },
            {
                "name": "piwheels",
                "url": "https://www.piwheels.org/simple",
                "verify_ssl": true
            }
        ]
    },
    "default": {
        "aioquic": {
            "hashes": [
                "sha256:1de513772fd04ff38028fdf748a9e2dec33d7aa2fbf67fda3011d9a85b620c54",
                "sha256:2466499759b31ea4f1d17f4aeb1f8d4297169e05e3c1216d618c9757f4dd740d",
                "sha256:358e2b9c1e0c24b9933094c3c2cf990faf44d03b64d6f8ff79b4b3f510c6c268",
                "sha256:3976b75e82d83742c8b811e38d273eda2ca7f81394b6a85da33a02849c5f1d9d",
                "sha256:3e23964dfb04526ade6e66f5b7cd0c830421b8138303ab60ba6e204015e7cb0b",
                "sha256:43ae3b11d43400a620ca0b4b4885d12b76a599c2cbddba755f74bebfa65fe587",
                "sha256:6371c3afa1036294e1505fdbda8c147bc41c5b6709a47459e8c1b4eec41a86ef",
                "sha256:6e418c92898a0af306e6f1b6a55a0d3d2597001c57a7b1ba36cf5b47bf41233b",
                "sha256:6fe683943ea3439dd0aca05ff80e85a552d4b39f9f34858c76ac54c205990e88",
                "sha256:7dcc212bb529900757d8e99a76198b42c2a978ce735a1bfca394033c16cfc33c",
                "sha256:81650d59bef05c514af2cfdcb2946e9d13367b745e68b36881d43630ef563d38",
                "sha256:84d733332927b76218a3b246216104116f766f5a9b2308ec306cd017b3049660",
                "sha256:8e600da7aa7e4a7bc53ee8f45fd66808032127ae00938c119ac77d66633b8961",
                "sha256:910d8c91da86bba003d491d15deaeac3087d1b9d690b9edc1375905d8867b742",
                "sha256:bb917143e7a4de5beba1e695fa89f2b05ef080b450dea07338cc67a9c75e0a4d",
                "sha256:c22689c33fe4799624aed6faaba0af9e6ea7d31ac45047745828ee68d67fe1d9",
                "sha256:c332cffa3c2124e5db82b2b9eb2662bd7c39ee2247606b74de689f6d3091b61a",
                "sha256:cbe7167b2faee887e115d83d25332c4b8fa4604d5175807d978cb4fe39b4e36e",
                "sha256:cd75015462ca5070a888110dc201f35a9f4c7459f9201b77adc3c06013611bb8",
                "sha256:e2c3c127cc3d9eac7a6d05142036bf4b2c593d750a115a2fa42c1f86cbe8c0a0",
                "sha256:e3dcfb941004333d477225a6689b55fc7f905af5ee6a556eb5083be0354e653a",
                "sha256:e7ce10198f8efa91986ad8ac83fa08e50972e0aacde45bdaf7b9365094e72c0c",
                "sha256:f209ad5edbff8239e994c189dc74428420957448a190f4343faee4caedef4eee",
                "sha256:f81e7946f09501a7c27e3f71b84a455e6bf92346fb5a28ef2d73c9d564463c63",
                "sha256:f91263bb3f71948c5c8915b4d50ee370004f20a416f67fab3dcc90556c7e7199",
                "sha256:fcc1eb083ed9f8d903482e375281c8c26a5ed2b6bee5ee2be3f13275d8fdb146"
            ],
            "markers": "python_version >= '3.8'",
            "version": "==1.2.0"
        },
        "anyio": {
            "hashes": [
                "sha256:1d9fe889df5212298c0c0723fa20479d1b94883a2df44bd3897aa91083316f7a",
                "sha256:b5011f270ab5eb0abf13385f851315585cc37ef330dd88e27ec3d34d651fd47a"
            ],
            "markers": "python_version >= '3.9'",
            "version": "==4.8.0"
        },
        "attrs": {
            "hashes": [
                "sha256:1c97078a80c814273a76b2a298a932eb681c87415c11dee0a6921de7f1b02c3e",
                "sha256:c75a69e28a550a7e93789579c22aa26b0f5b83b75dc4e08fe092980051e1090a"
            ],
            "markers": "python_version >= '3.8'",
            "version": "==25.1.0"
        },
        "certifi": {
            "hashes": [
                "sha256:1275f7a45be9464efc1173084eaa30f866fe2e47d389406136d332ed4967ec56",
                "sha256:b650d30f370c2b724812bee08008be0c4163b163ddaec3f2546c1caf65f191db"
            ],
            "markers": "python_version >= '3.6'",
            "version": "==2024.12.14"
        },
        "cffi": {
            "hashes": [
                "sha256:045d61c734659cc045141be4bae381a41d89b741f795af1dd018bfb532fd0df8",
                "sha256:0984a4925a435b1da406122d4d7968dd861c1385afe3b45ba82b750f229811e2",
                "sha256:0e2b1fac190ae3ebfe37b979cc1ce69c81f4e4fe5746bb401dca63a9062cdaf1",
                "sha256:0f048dcf80db46f0098ccac01132761580d28e28bc0f78ae0d58048063317e15",
                "sha256:1257bdabf294dceb59f5e70c64a3e2f462c30c7ad68092d01bbbfb1c16b1ba36",
                "sha256:1c39c6016c32bc48dd54561950ebd6836e1670f2ae46128f67cf49e789c52824",
                "sha256:1d599671f396c4723d016dbddb72fe8e0397082b0a77a4fab8028923bec050e8",
                "sha256:28b16024becceed8c6dfbc75629e27788d8a3f9030691a1dbf9821a128b22c36",
                "sha256:2bb1a08b8008b281856e5971307cc386a8e9c5b625ac297e853d36da6efe9c17",
                "sha256:30c5e0cb5ae493c04c8b42916e52ca38079f1b235c2f8ae5f4527b963c401caf",
                "sha256:31000ec67d4221a71bd3f67df918b1f88f676f1c3b535a7eb473255fdc0b83fc",
                "sha256:386c8bf53c502fff58903061338ce4f4950cbdcb23e2902d86c0f722b786bbe3",
                "sha256:3edc8d958eb099c634dace3c7e16560ae474aa3803a5df240542b305d14e14ed",
                "sha256:45398b671ac6d70e67da8e4224a065cec6a93541bb7aebe1b198a61b58c7b702",
                "sha256:46bf43160c1a35f7ec506d254e5c890f3c03648a4dbac12d624e4490a7046cd1",
                "sha256:4ceb10419a9adf4460ea14cfd6bc43d08701f0835e979bf821052f1805850fe8",
                "sha256:51392eae71afec0d0c8fb1a53b204dbb3bcabcb3c9b807eedf3e1e6ccf2de903",
                "sha256:5da5719280082ac6bd9aa7becb3938dc9f9cbd57fac7d2871717b1feb0902ab6",
                "sha256:610faea79c43e44c71e1ec53a554553fa22321b65fae24889706c0a84d4ad86d",
                "sha256:636062ea65bd0195bc012fea9321aca499c0504409f413dc88af450b57ffd03b",
                "sha256:6883e737d7d9e4899a8a695e00ec36bd4e5e4f18fabe0aca0efe0a4b44cdb13e",
                "sha256:6b8b4a92e1c65048ff98cfe1f735ef8f1ceb72e3d5f0c25fdb12087a23da22be",
                "sha256:6f17be4345073b0a7b8ea599688f692ac3ef23ce28e5df79c04de519dbc4912c",
                "sha256:706510fe141c86a69c8ddc029c7910003a17353970cff3b904ff0686a5927683",
                "sha256:72e72408cad3d5419375fc87d289076ee319835bdfa2caad331e377589aebba9",
                "sha256:733e99bc2df47476e3848417c5a4540522f234dfd4ef3ab7fafdf555b082ec0c",
                "sha256:7596d6620d3fa590f677e9ee430df2958d2d6d6de2feeae5b20e82c00b76fbf8",
                "sha256:78122be759c3f8a014ce010908ae03364d00a1f81ab5c7f4a7a5120607ea56e1",
                "sha256:805b4371bf7197c329fcb3ead37e710d1bca9da5d583f5073b799d5c5bd1eee4",
                "sha256:85a950a4ac9c359340d5963966e3e0a94a676bd6245a4b55bc43949eee26a655",
                "sha256:8f2cdc858323644ab277e9bb925ad72ae0e67f69e804f4898c070998d50b1a67",
                "sha256:9755e4345d1ec879e3849e62222a18c7174d65a6a92d5b346b1863912168b595",
                "sha256:98e3969bcff97cae1b2def8ba499ea3d6f31ddfdb7635374834cf89a1a08ecf0",
                "sha256:a08d7e755f8ed21095a310a693525137cfe756ce62d066e53f502a83dc550f65",
                "sha256:a1ed2dd2972641495a3ec98445e09766f077aee98a1c896dcb4ad0d303628e41",
                "sha256:a24ed04c8ffd54b0729c07cee15a81d964e6fee0e3d4d342a27b020d22959dc6",
                "sha256:a45e3c6913c5b87b3ff120dcdc03f6131fa0065027d0ed7ee6190736a74cd401",
                "sha256:a9b15d491f3ad5d692e11f6b71f7857e7835eb677955c00cc0aefcd0669adaf6",
                "sha256:ad9413ccdeda48c5afdae7e4fa2192157e991ff761e7ab8fdd8926f40b160cc3",
                "sha256:b2ab587605f4ba0bf81dc0cb08a41bd1c0a5906bd59243d56bad7668a6fc6c16",
                "sha256:b62ce867176a75d03a665bad002af8e6d54644fad99a3c70905c543130e39d93",
                "sha256:c03e868a0b3bc35839ba98e74211ed2b05d2119be4e8a0f224fba9384f1fe02e",
                "sha256:c59d6e989d07460165cc5ad3c61f9fd8f1b4796eacbd81cee78957842b834af4",
                "sha256:c7eac2ef9b63c79431bc4b25f1cd649d7f061a28808cbc6c47b534bd789ef964",
                "sha256:c9c3d058ebabb74db66e431095118094d06abf53284d9c81f27300d0e0d8bc7c",
                "sha256:ca74b8dbe6e8e8263c0ffd60277de77dcee6c837a3d0881d8c1ead7268c9e576",
                "sha256:caaf0640ef5f5517f49bc275eca1406b0ffa6aa184892812030f04c2abf589a0",
                "sha256:cdf5ce3acdfd1661132f2a9c19cac174758dc2352bfe37d98aa7512c6b7178b3",
                "sha256:d016c76bdd850f3c626af19b0542c9677ba156e4ee4fccfdd7848803533ef662",
                "sha256:d01b12eeeb4427d3110de311e1774046ad344f5b1a7403101878976ecd7a10f3",
                "sha256:d63afe322132c194cf832bfec0dc69a99fb9bb6bbd550f161a49e9e855cc78ff",
                "sha256:da95af8214998d77a98cc14e3a3bd00aa191526343078b530ceb0bd710fb48a5",
                "sha256:dd398dbc6773384a17fe0d3e7eeb8d1a21c2200473ee6806bb5e6a8e62bb73dd",
                "sha256:de2ea4b5833625383e464549fec1bc395c1bdeeb5f25c4a3a82b5a8c756ec22f",
                "sha256:de55b766c7aa2e2a3092c51e0483d700341182f08e67c63630d5b6f200bb28e5",
                "sha256:df8b1c11f177bc2313ec4b2d46baec87a5f3e71fc8b45dab2ee7cae86d9aba14",
                "sha256:e03eab0a8677fa80d646b5ddece1cbeaf556c313dcfac435ba11f107ba117b5d",
                "sha256:e221cf152cff04059d011ee126477f0d9588303eb57e88923578ace7baad17f9",
                "sha256:e31ae45bc2e29f6b2abd0de1cc3b9d5205aa847cafaecb8af1476a609a2f6eb7",
                "sha256:edae79245293e15384b51f88b00613ba9f7198016a5948b5dddf4917d4d26382",
                "sha256:f1e22e8c4419538cb197e4dd60acc919d7696e5ef98ee4da4e01d3f8cfa4cc5a",
                "sha256:f3a2b4222ce6b60e2e8b337bb9596923045681d71e5a082783484d845390938e",
                "sha256:f6a16c31041f09ead72d69f583767292f750d24913dadacf5756b966aacb3f1a",
                "sha256:f75c7ab1f9e4aca5414ed4d8e5c0e303a34f4421f8a0d47a4d019ceff0ab6af4",
                "sha256:f79fc4fc25f1c8698ff97788206bb3c2598949bfe0fef03d299eb1b5356ada99",
                "sha256:f7f5baafcc48261359e14bcd6d9bff6d4b28d9103847c9e136694cb0501aef87",
                "sha256:fc48c783f9c87e60831201f2cce7f3b2e4846bf4d8728eabe54d60700b318a0b"
            ],
            "markers": "python_version >= '3.8'",
            "version": "==1.17.1"
        },
        "cryptography": {
            "hashes": [
                "sha256:1923cb251c04be85eec9fda837661c67c1049063305d6be5721643c22dd4e2b7",
                "sha256:37d76e6863da3774cd9db5b409a9ecfd2c71c981c38788d3fcfaf177f447b731",
                "sha256:3c672a53c0fb4725a29c303be906d3c1fa99c32f58abe008a82705f9ee96f40b",
                "sha256:404fdc66ee5f83a1388be54300ae978b2efd538018de18556dde92575e05defc",
                "sha256:4ac4c9f37eba52cb6fbeaf5b59c152ea976726b865bd4cf87883a7e7006cc543",
                "sha256:62901fb618f74d7d81bf408c8719e9ec14d863086efe4185afd07c352aee1d2c",
                "sha256:660cb7312a08bc38be15b696462fa7cc7cd85c3ed9c576e81f4dc4d8b2b31591",
                "sha256:708ee5f1bafe76d041b53a4f95eb28cdeb8d18da17e597d46d7833ee59b97ede",
                "sha256:761817a3377ef15ac23cd7834715081791d4ec77f9297ee694ca1ee9c2c7e5eb",
                "sha256:831c3c4d0774e488fdc83a1923b49b9957d33287de923d58ebd3cec47a0ae43f",
                "sha256:84111ad4ff3f6253820e6d3e58be2cc2a00adb29335d4cacb5ab4d4d34f2a123",
                "sha256:8b3e6eae66cf54701ee7d9c83c30ac0a1e3fa17be486033000f2a73a12ab507c",
                "sha256:9e6fc8a08e116fb7c7dd1f040074c9d7b51d74a8ea40d4df2fc7aa08b76b9e6c",
                "sha256:a01956ddfa0a6790d594f5b34fc1bfa6098aca434696a03cfdbe469b8ed79285",
                "sha256:abc998e0c0eee3c8a1904221d3f67dcfa76422b23620173e28c11d3e626c21bd",
                "sha256:b15492a11f9e1b62ba9d73c210e2416724633167de94607ec6069ef724fad092",
                "sha256:be4ce505894d15d5c5037167ffb7f0ae90b7be6f2a98f9a5c3442395501c32fa",
                "sha256:c5eb858beed7835e5ad1faba59e865109f3e52b3783b9ac21e7e47dc5554e289",
                "sha256:cd4e834f340b4293430701e772ec543b0fbe6c2dea510a5286fe0acabe153a02",
                "sha256:d2436114e46b36d00f8b72ff57e598978b37399d2786fd39793c36c6d5cb1c64",
                "sha256:eb33480f1bad5b78233b0ad3e1b0be21e8ef1da745d8d2aecbb20671658b9053",
                "sha256:eca27345e1214d1b9f9490d200f9db5a874479be914199194e746c893788d417",
                "sha256:ed3534eb1090483c96178fcb0f8893719d96d5274dfde98aa6add34614e97c8e",
                "sha256:f3f6fdfa89ee2d9d496e2c087cebef9d4fcbb0ad63c40e821b39f74bf48d9c5e",
                "sha256:f53c2c87e0fb4b0c00fa9571082a057e37690a8f12233306161c8f4b819960b7",
                "sha256:f5e7cb1e5e56ca0933b4873c0220a78b773b24d40d186b6738080b73d3d0a756",
                "sha256:f677e1268c4e23420c3acade68fac427fffcb8d19d7df95ed7ad17cdef8404f4"
            ],
            "markers": "python_version >= '3.7' and python_full_version not in '3.9.0, 3.9.1'",
            "version": "==44.0.0"
        },
        "cymruwhois": {
            "hashes": [
                "sha256:0294accc8b0668abf5b33b6b5151fc3b1ff4d02f27549ffa258945ea9e53ccad",
                "sha256:2cc3405117274138403d7f6ef60162154b8c7be5b39ac08ac06d0a650be3be94",
                "sha256:b6c085e50e33133cd3718504521c780ed4d6b1e18e12c3bda6a0c949df7df254"
            ],
            "version": "==1.6"
        },
        "dnsdiag": {
            "hashes": [
                "sha256:2f96fff1dd47816ac937abaa129dfdf561c739f01be0246083b84057371d76e1"
            ],
            "index": "pypi",
            "version": "==2.6.0"
        },
        "dnspython": {
            "hashes": [
                "sha256:b4c34b7d10b51bcc3a5071e7b8dee77939f1e878477eeecc965e9835f63c6c86",
                "sha256:ce9c432eda0dc91cf618a5cedf1a4e142651196bbcd2c80e89ed5a907e5cfaf1"
            ],
            "markers": "python_version >= '3.9'",
            "version": "==2.7.0"
        },
        "h11": {
            "hashes": [
                "sha256:8f19fbbe99e72420ff35c00b27a34cb9937e902a8b810e2c88300c6f0a3b699d",
                "sha256:e3fe4ac4b851c468cc8363d500db52c2ead036020723024a109d37346efaa761"
            ],
            "markers": "python_version >= '3.7'",
            "version": "==0.14.0"
        },
        "h2": {
            "hashes": [
                "sha256:03a46bcf682256c95b5fd9e9a99c1323584c3eec6440d379b9903d709476bc6d",
                "sha256:a83aca08fbe7aacb79fec788c9c0bac936343560ed9ec18b82a13a12c28d2abb"
            ],
            "markers": "python_full_version >= '3.6.1'",
            "version": "==4.1.0"
        },
        "hpack": {
            "hashes": [
                "sha256:157ac792668d995c657d93111f46b4535ed114f0c9c8d672271bbec7eae1b496",
                "sha256:ec5eca154f7056aa06f196a557655c5b009b382873ac8d1e66e79e87535f1dca"
            ],
            "markers": "python_version >= '3.9'",
            "version": "==4.1.0"
        },
        "httpcore": {
            "hashes": [
                "sha256:8551cb62a169ec7162ac7be8d4817d561f60e08eaa485234898414bb5a8a0b4c",
                "sha256:a3fff8f43dc260d5bd363d9f9cf1830fa3a458b332856f34282de498ed420edd"
            ],
            "markers": "python_version >= '3.8'",
            "version": "==1.0.7"
        },
        "httpx": {
            "hashes": [
                "sha256:75e98c5f16b0f35b567856f597f06ff2270a374470a5c2392242528e3e3e42fc",
                "sha256:d909fcccc110f8c7faf814ca82a9a4d816bc5a6dbfea25d6591d6985b8ba59ad"
            ],
            "markers": "python_version >= '3.8'",
            "version": "==0.28.1"
        },
        "hyperframe": {
            "hashes": [
                "sha256:b03380493a519fce58ea5af42e4a42317bf9bd425596f7a0835ffce80f1a42e5",
                "sha256:f630908a00854a7adeabd6382b43923a4c4cd4b821fcb527e6ab9e15382a3b08"
            ],
            "markers": "python_version >= '3.9'",
            "version": "==6.1.0"
        },
        "idna": {
            "hashes": [
                "sha256:12f65c9b470abda6dc35cf8e63cc574b1c52b11df2c86030af0ac09b01b13ea9",
                "sha256:946d195a0d259cbba61165e88e65941f16e9b36ea6ddb97f00452bae8b1287d3"
            ],
            "markers": "python_version >= '3.6'",
            "version": "==3.10"
        },
        "pyasn1": {
            "hashes": [
                "sha256:0d632f46f2ba09143da3a8afe9e33fb6f92fa2320ab7e886e2d0f7672af84629",
                "sha256:6f580d2bdd84365380830acf45550f2511469f673cb4a5ae3857a3170128b034"
            ],
            "markers": "python_version >= '3.8'",
            "version": "==0.6.1"
        },
        "pyasn1-modules": {
            "hashes": [
                "sha256:49bfa96b45a292b711e986f222502c1c9a5e1f4e568fc30e2574a6c7d07838fd",
                "sha256:c28e2dbf9c06ad61c71a075c7e0f9fd0f1b0bb2d2ad4377f240d33ac2ab60a7c"
            ],
            "markers": "python_version >= '3.8'",
            "version": "==0.4.1"
        },
        "pycparser": {
            "hashes": [
                "sha256:491c8be9c040f5390f5bf44a5b07752bd07f56edf992381b05c701439eec10f6",
                "sha256:c3702b6d3dd8c7abc1afa565d7e63d53a1d0bd86cdc24edd75470f4de499cfcc"
            ],
            "markers": "python_version >= '3.8'",
            "version": "==2.22"
        },
        "pylsqpack": {
            "hashes": [
                "sha256:005ddce84bdcbf5c3cf99f764504208e1aa0a91a8331bf47108f2708f2a315e6",
                "sha256:06e1bbe47514b83cd03158e5558ef8cc44f578169c1820098be9f3cc4137f16a",
                "sha256:1f415d2e03c779261ac7ed421a009a4c752eef6f1ef7b5a34c4a463a5e17fbad",
                "sha256:3c4cccfd91afd589994f844fd1dbae0acdb58a8ab929d8edeadb25339deb6590",
                "sha256:3dd664354422d4cd51c189febb5f5d22bf3d8c453cc25517c04ce01a57478060",
                "sha256:40465d025b946bca195bdaed74b3b79fe3f7f419ab1d4bc4109dca34ba9881d7",
                "sha256:45ae55e721877505f4d5ccd49591d69353f2a548a8673dfafb251d385b3c097f",
                "sha256:4a248be29d9ca1fa2ebd7ef4b8ac166d17df0d8d4631b4499c8c566e221d4e5b",
                "sha256:711f3aa645f72a928e22606c1f026cde905de23efc07028fe1bc7429f73ec8ee",
                "sha256:75042b442a0a7a283b5adc21045e6583f3c817d40ccec769837bf2f90b79c494",
                "sha256:8b5fd04bb27180286811f8e1659974e6e5e854a882de3f2aba8caefc1bb9ab81",
                "sha256:8ea75152e8cb8b8c7cfef11c3aa5ebe5b226bd850889f56ff70a688e9680acbf",
                "sha256:a2798e1c08bd36875f77a1ebec0f130fdf9e27eebdb0499a764201d55ef78770",
                "sha256:ae628cd359ecb466dd85f151ea1ad53de3114e5a9ae0f0ac1408fb43a4318032",
                "sha256:bac5f2dc255ae70e5a14033e769769b38bd4c980b365dacd88665610f245e36f",
                "sha256:c003eb882f41e4dbd093243c67b97c8634209b4d5ba7edd16163b1ff37306254",
                "sha256:c84e6d4dcb708d766a50bfd16579d8a0bff4eb4e5f5dff9f3df4018454d4013b",
                "sha256:e1054b0b44f6141a99e84a9aa6a27c9df028e9223747b893e8e37cdc95b602f1"
            ],
            "markers": "python_version >= '3.8'",
            "version": "==0.3.18"
        },
        "pyopenssl": {
            "hashes": [
                "sha256:424c247065e46e76a37411b9ab1782541c23bb658bf003772c3405fbaa128e90",
                "sha256:cd2cef799efa3936bb08e8ccb9433a575722b9dd986023f1cabc4ae64e9dac16"
            ],
            "markers": "python_version >= '3.7'",
            "version": "==25.0.0"
        },
        "service-identity": {
            "hashes": [
                "sha256:6b047fbd8a84fd0bb0d55ebce4031e400562b9196e1e0d3e0fe2b8a59f6d4a85",
                "sha256:b8683ba13f0d39c6cd5d625d2c5f65421d6d707b013b375c355751557cbe8e09"
            ],
            "markers": "python_version >= '3.8'",
            "version": "==24.2.0"
        },
        "sniffio": {
            "hashes": [
                "sha256:2f6da418d1f1e0fddd844478f41680e794e6051915791a034ff65e5f100525a2",
                "sha256:f4324edc670a0f49750a81b895f35c3adb843cca46f0530f79fc1babb23789dc"
            ],
            "markers": "python_version >= '3.7'",
            "version": "==1.3.1"
        },
        "typing-extensions": {
            "hashes": [
                "sha256:04e5ca0351e0f3f85c6853954072df659d0d13fac324d0072316b67d7794700d",
                "sha256:1a7ead55c7e559dd4dee8856e3a88b41225abfe1ce8df57b7c13915fe121ffb8"
            ],
            "markers": "python_version >= '3.8'",
            "version": "==4.12.2"
        }
    },
    "develop": {}
}
