{
    "_meta": {
        "hash": {
            "sha256": "26e3541686b78bceca285346e2c7cf5e474011033e483abb2e2cb9578fc9a105"
        },
        "pipfile-spec": 6,
        "requires": {
            "python_version": "3"
        },
        "sources": [
            {
                "name": "pypi",
                "url": "https://pypi.org/simple",
                "verify_ssl": true
            },
            {
                "name": "piwheels",
                "url": "https://www.piwheels.org/simple",
                "verify_ssl": true
            }
        ]
    },
    "default": {
        "aioquic": {
            "hashes": [
                "sha256:1de513772fd04ff38028fdf748a9e2dec33d7aa2fbf67fda3011d9a85b620c54",
                "sha256:2466499759b31ea4f1d17f4aeb1f8d4297169e05e3c1216d618c9757f4dd740d",
                "sha256:358e2b9c1e0c24b9933094c3c2cf990faf44d03b64d6f8ff79b4b3f510c6c268",
                "sha256:3976b75e82d83742c8b811e38d273eda2ca7f81394b6a85da33a02849c5f1d9d",
                "sha256:3e23964dfb04526ade6e66f5b7cd0c830421b8138303ab60ba6e204015e7cb0b",
                "sha256:43ae3b11d43400a620ca0b4b4885d12b76a599c2cbddba755f74bebfa65fe587",
                "sha256:6371c3afa1036294e1505fdbda8c147bc41c5b6709a47459e8c1b4eec41a86ef",
                "sha256:6e418c92898a0af306e6f1b6a55a0d3d2597001c57a7b1ba36cf5b47bf41233b",
                "sha256:6fe683943ea3439dd0aca05ff80e85a552d4b39f9f34858c76ac54c205990e88",
                "sha256:7dcc212bb529900757d8e99a76198b42c2a978ce735a1bfca394033c16cfc33c",
                "sha256:81650d59bef05c514af2cfdcb2946e9d13367b745e68b36881d43630ef563d38",
                "sha256:84d733332927b76218a3b246216104116f766f5a9b2308ec306cd017b3049660",
                "sha256:8e600da7aa7e4a7bc53ee8f45fd66808032127ae00938c119ac77d66633b8961",
                "sha256:910d8c91da86bba003d491d15deaeac3087d1b9d690b9edc1375905d8867b742",
                "sha256:bb917143e7a4de5beba1e695fa89f2b05ef080b450dea07338cc67a9c75e0a4d",
                "sha256:c22689c33fe4799624aed6faaba0af9e6ea7d31ac45047745828ee68d67fe1d9",
                "sha256:c332cffa3c2124e5db82b2b9eb2662bd7c39ee2247606b74de689f6d3091b61a",
                "sha256:cbe7167b2faee887e115d83d25332c4b8fa4604d5175807d978cb4fe39b4e36e",
                "sha256:cd75015462ca5070a888110dc201f35a9f4c7459f9201b77adc3c06013611bb8",
                "sha256:e2c3c127cc3d9eac7a6d05142036bf4b2c593d750a115a2fa42c1f86cbe8c0a0",
                "sha256:e3dcfb941004333d477225a6689b55fc7f905af5ee6a556eb5083be0354e653a",
                "sha256:e7ce10198f8efa91986ad8ac83fa08e50972e0aacde45bdaf7b9365094e72c0c",
                "sha256:f209ad5edbff8239e994c189dc74428420957448a190f4343faee4caedef4eee",
                "sha256:f81e7946f09501a7c27e3f71b84a455e6bf92346fb5a28ef2d73c9d564463c63",
                "sha256:f91263bb3f71948c5c8915b4d50ee370004f20a416f67fab3dcc90556c7e7199",
                "sha256:fcc1eb083ed9f8d903482e375281c8c26a5ed2b6bee5ee2be3f13275d8fdb146"
            ],
            "markers": "python_version >= '3.8'",
            "version": "==1.2.0"
        },
        "anyio": {
            "hashes": [
                "sha256:673c0c244e15788651a4ff38710fea9675823028a6f08a5eda409e0c9840a028",
                "sha256:9f76d541cad6e36af7beb62e978876f3b41e3e04f2c1fbf0884604c0a9c4d93c"
            ],
            "markers": "python_version >= '3.9'",
            "version": "==4.9.0"
        },
        "attrs": {
            "hashes": [
                "sha256:427318ce031701fea540783410126f03899a97ffc6f61596ad581ac2e40e3bc3",
                "sha256:75d7cefc7fb576747b2c81b4442d4d4a1ce0900973527c011d1030fd3bf4af1b"
            ],
            "markers": "python_version >= '3.8'",
            "version": "==25.3.0"
        },
        "certifi": {
            "hashes": [
                "sha256:0a816057ea3cdefcef70270d2c515e4506bbc954f417fa5ade2021213bb8f0c6",
                "sha256:30350364dfe371162649852c63336a15c70c6510c2ad5015b21c2345311805f3"
            ],
            "markers": "python_version >= '3.6'",
            "version": "==2025.4.26"
        },
        "cffi": {
            "hashes": [
                "sha256:045d61c734659cc045141be4bae381a41d89b741f795af1dd018bfb532fd0df8",
                "sha256:0984a4925a435b1da406122d4d7968dd861c1385afe3b45ba82b750f229811e2",
                "sha256:0e2b1fac190ae3ebfe37b979cc1ce69c81f4e4fe5746bb401dca63a9062cdaf1",
                "sha256:0f048dcf80db46f0098ccac01132761580d28e28bc0f78ae0d58048063317e15",
                "sha256:1257bdabf294dceb59f5e70c64a3e2f462c30c7ad68092d01bbbfb1c16b1ba36",
                "sha256:1c39c6016c32bc48dd54561950ebd6836e1670f2ae46128f67cf49e789c52824",
                "sha256:1d599671f396c4723d016dbddb72fe8e0397082b0a77a4fab8028923bec050e8",
                "sha256:28b16024becceed8c6dfbc75629e27788d8a3f9030691a1dbf9821a128b22c36",
                "sha256:2bb1a08b8008b281856e5971307cc386a8e9c5b625ac297e853d36da6efe9c17",
                "sha256:30c5e0cb5ae493c04c8b42916e52ca38079f1b235c2f8ae5f4527b963c401caf",
                "sha256:31000ec67d4221a71bd3f67df918b1f88f676f1c3b535a7eb473255fdc0b83fc",
                "sha256:386c8bf53c502fff58903061338ce4f4950cbdcb23e2902d86c0f722b786bbe3",
                "sha256:3edc8d958eb099c634dace3c7e16560ae474aa3803a5df240542b305d14e14ed",
                "sha256:45398b671ac6d70e67da8e4224a065cec6a93541bb7aebe1b198a61b58c7b702",
                "sha256:46bf43160c1a35f7ec506d254e5c890f3c03648a4dbac12d624e4490a7046cd1",
                "sha256:4ceb10419a9adf4460ea14cfd6bc43d08701f0835e979bf821052f1805850fe8",
                "sha256:51392eae71afec0d0c8fb1a53b204dbb3bcabcb3c9b807eedf3e1e6ccf2de903",
                "sha256:5da5719280082ac6bd9aa7becb3938dc9f9cbd57fac7d2871717b1feb0902ab6",
                "sha256:610faea79c43e44c71e1ec53a554553fa22321b65fae24889706c0a84d4ad86d",
                "sha256:636062ea65bd0195bc012fea9321aca499c0504409f413dc88af450b57ffd03b",
                "sha256:6883e737d7d9e4899a8a695e00ec36bd4e5e4f18fabe0aca0efe0a4b44cdb13e",
                "sha256:6b8b4a92e1c65048ff98cfe1f735ef8f1ceb72e3d5f0c25fdb12087a23da22be",
                "sha256:6f17be4345073b0a7b8ea599688f692ac3ef23ce28e5df79c04de519dbc4912c",
                "sha256:706510fe141c86a69c8ddc029c7910003a17353970cff3b904ff0686a5927683",
                "sha256:72e72408cad3d5419375fc87d289076ee319835bdfa2caad331e377589aebba9",
                "sha256:733e99bc2df47476e3848417c5a4540522f234dfd4ef3ab7fafdf555b082ec0c",
                "sha256:7596d6620d3fa590f677e9ee430df2958d2d6d6de2feeae5b20e82c00b76fbf8",
                "sha256:78122be759c3f8a014ce010908ae03364d00a1f81ab5c7f4a7a5120607ea56e1",
                "sha256:805b4371bf7197c329fcb3ead37e710d1bca9da5d583f5073b799d5c5bd1eee4",
                "sha256:85a950a4ac9c359340d5963966e3e0a94a676bd6245a4b55bc43949eee26a655",
                "sha256:8f2cdc858323644ab277e9bb925ad72ae0e67f69e804f4898c070998d50b1a67",
                "sha256:9755e4345d1ec879e3849e62222a18c7174d65a6a92d5b346b1863912168b595",
                "sha256:98e3969bcff97cae1b2def8ba499ea3d6f31ddfdb7635374834cf89a1a08ecf0",
                "sha256:a08d7e755f8ed21095a310a693525137cfe756ce62d066e53f502a83dc550f65",
                "sha256:a1ed2dd2972641495a3ec98445e09766f077aee98a1c896dcb4ad0d303628e41",
                "sha256:a24ed04c8ffd54b0729c07cee15a81d964e6fee0e3d4d342a27b020d22959dc6",
                "sha256:a45e3c6913c5b87b3ff120dcdc03f6131fa0065027d0ed7ee6190736a74cd401",
                "sha256:a9b15d491f3ad5d692e11f6b71f7857e7835eb677955c00cc0aefcd0669adaf6",
                "sha256:ad9413ccdeda48c5afdae7e4fa2192157e991ff761e7ab8fdd8926f40b160cc3",
                "sha256:b2ab587605f4ba0bf81dc0cb08a41bd1c0a5906bd59243d56bad7668a6fc6c16",
                "sha256:b62ce867176a75d03a665bad002af8e6d54644fad99a3c70905c543130e39d93",
                "sha256:c03e868a0b3bc35839ba98e74211ed2b05d2119be4e8a0f224fba9384f1fe02e",
                "sha256:c59d6e989d07460165cc5ad3c61f9fd8f1b4796eacbd81cee78957842b834af4",
                "sha256:c7eac2ef9b63c79431bc4b25f1cd649d7f061a28808cbc6c47b534bd789ef964",
                "sha256:c9c3d058ebabb74db66e431095118094d06abf53284d9c81f27300d0e0d8bc7c",
                "sha256:ca74b8dbe6e8e8263c0ffd60277de77dcee6c837a3d0881d8c1ead7268c9e576",
                "sha256:caaf0640ef5f5517f49bc275eca1406b0ffa6aa184892812030f04c2abf589a0",
                "sha256:cdf5ce3acdfd1661132f2a9c19cac174758dc2352bfe37d98aa7512c6b7178b3",
                "sha256:d016c76bdd850f3c626af19b0542c9677ba156e4ee4fccfdd7848803533ef662",
                "sha256:d01b12eeeb4427d3110de311e1774046ad344f5b1a7403101878976ecd7a10f3",
                "sha256:d63afe322132c194cf832bfec0dc69a99fb9bb6bbd550f161a49e9e855cc78ff",
                "sha256:da95af8214998d77a98cc14e3a3bd00aa191526343078b530ceb0bd710fb48a5",
                "sha256:dd398dbc6773384a17fe0d3e7eeb8d1a21c2200473ee6806bb5e6a8e62bb73dd",
                "sha256:de2ea4b5833625383e464549fec1bc395c1bdeeb5f25c4a3a82b5a8c756ec22f",
                "sha256:de55b766c7aa2e2a3092c51e0483d700341182f08e67c63630d5b6f200bb28e5",
                "sha256:df8b1c11f177bc2313ec4b2d46baec87a5f3e71fc8b45dab2ee7cae86d9aba14",
                "sha256:e03eab0a8677fa80d646b5ddece1cbeaf556c313dcfac435ba11f107ba117b5d",
                "sha256:e221cf152cff04059d011ee126477f0d9588303eb57e88923578ace7baad17f9",
                "sha256:e31ae45bc2e29f6b2abd0de1cc3b9d5205aa847cafaecb8af1476a609a2f6eb7",
                "sha256:edae79245293e15384b51f88b00613ba9f7198016a5948b5dddf4917d4d26382",
                "sha256:f1e22e8c4419538cb197e4dd60acc919d7696e5ef98ee4da4e01d3f8cfa4cc5a",
                "sha256:f3a2b4222ce6b60e2e8b337bb9596923045681d71e5a082783484d845390938e",
                "sha256:f6a16c31041f09ead72d69f583767292f750d24913dadacf5756b966aacb3f1a",
                "sha256:f75c7ab1f9e4aca5414ed4d8e5c0e303a34f4421f8a0d47a4d019ceff0ab6af4",
                "sha256:f79fc4fc25f1c8698ff97788206bb3c2598949bfe0fef03d299eb1b5356ada99",
                "sha256:f7f5baafcc48261359e14bcd6d9bff6d4b28d9103847c9e136694cb0501aef87",
                "sha256:fc48c783f9c87e60831201f2cce7f3b2e4846bf4d8728eabe54d60700b318a0b"
            ],
            "markers": "python_version >= '3.8'",
            "version": "==1.17.1"
        },
        "cryptography": {
            "hashes": [
                "sha256:02f55fb4f8b79c1221b0961488eaae21015b69b210e18c386b69de182ebb1259",
                "sha256:157f1f3b8d941c2bd8f3ffee0af9b049c9665c39d3da9db2dc338feca5e98a43",
                "sha256:192ed30fac1728f7587c6f4613c29c584abdc565d7417c13904708db10206645",
                "sha256:21a83f6f35b9cc656d71b5de8d519f566df01e660ac2578805ab245ffd8523f8",
                "sha256:25cd194c39fa5a0aa4169125ee27d1172097857b27109a45fadc59653ec06f44",
                "sha256:3883076d5c4cc56dbef0b898a74eb6992fdac29a7b9013870b34efe4ddb39a0d",
                "sha256:3bb0847e6363c037df8f6ede57d88eaf3410ca2267fb12275370a76f85786a6f",
                "sha256:3be3f649d91cb182c3a6bd336de8b61a0a71965bd13d1a04a0e15b39c3d5809d",
                "sha256:3f07943aa4d7dad689e3bb1638ddc4944cc5e0921e3c227486daae0e31a05e54",
                "sha256:479d92908277bed6e1a1c69b277734a7771c2b78633c224445b5c60a9f4bc1d9",
                "sha256:4ffc61e8f3bf5b60346d89cd3d37231019c17a081208dfbbd6e1605ba03fa137",
                "sha256:5639c2b16764c6f76eedf722dbad9a0914960d3489c0cc38694ddf9464f1bb2f",
                "sha256:58968d331425a6f9eedcee087f77fd3c927c88f55368f43ff7e0a19891f2642c",
                "sha256:5d186f32e52e66994dce4f766884bcb9c68b8da62d61d9d215bfe5fb56d21334",
                "sha256:5d20cc348cca3a8aa7312f42ab953a56e15323800ca3ab0706b8cd452a3a056c",
                "sha256:6866df152b581f9429020320e5eb9794c8780e90f7ccb021940d7f50ee00ae0b",
                "sha256:7d5fe7195c27c32a64955740b949070f21cba664604291c298518d2e255931d2",
                "sha256:896530bc9107b226f265effa7ef3f21270f18a2026bc09fed1ebd7b66ddf6375",
                "sha256:962bc30480a08d133e631e8dfd4783ab71cc9e33d5d7c1e192f0b7c06397bb88",
                "sha256:978631ec51a6bbc0b7e58f23b68a8ce9e5f09721940933e9c217068388789fe5",
                "sha256:9b4d4a5dbee05a2c390bf212e78b99434efec37b17a4bff42f50285c5c8c9647",
                "sha256:ab0b005721cc0039e885ac3503825661bd9810b15d4f374e473f8c89b7d5460c",
                "sha256:af653022a0c25ef2e3ffb2c673a50e5a0d02fecc41608f4954176f1933b12359",
                "sha256:b0cc66c74c797e1db750aaa842ad5b8b78e14805a9b5d1348dc603612d3e3ff5",
                "sha256:b424563394c369a804ecbee9b06dfb34997f19d00b3518e39f83a5642618397d",
                "sha256:c138abae3a12a94c75c10499f1cbae81294a6f983b3af066390adee73f433028",
                "sha256:c6cd67722619e4d55fdb42ead64ed8843d64638e9c07f4011163e46bc512cf01",
                "sha256:c91fc8e8fd78af553f98bc7f2a1d8db977334e4eea302a4bfd75b9461c2d8904",
                "sha256:cad399780053fb383dc067475135e41c9fe7d901a97dd5d9c5dfb5611afc0d7d",
                "sha256:cb90f60e03d563ca2445099edf605c16ed1d5b15182d21831f58460c48bffb93",
                "sha256:dad80b45c22e05b259e33ddd458e9e2ba099c86ccf4e88db7bbab4b747b18d06",
                "sha256:dd3db61b8fe5be220eee484a17233287d0be6932d056cf5738225b9c05ef4fff",
                "sha256:e28d62e59a4dbd1d22e747f57d4f00c459af22181f0b2f787ea83f5a876d7c76",
                "sha256:e909df4053064a97f1e6565153ff8bb389af12c5c8d29c343308760890560aff",
                "sha256:f3ffef566ac88f75967d7abd852ed5f182da252d23fac11b4766da3957766759",
                "sha256:fc3c9babc1e1faefd62704bb46a69f359a9819eb0292e40df3fb6e3574715cd4",
                "sha256:fe19d8bc5536a91a24a8133328880a41831b6c5df54599a8417b62fe015d3053"
            ],
            "markers": "python_version >= '3.7' and python_full_version not in '3.9.0, 3.9.1'",
            "version": "==44.0.3"
        },
        "cymruwhois": {
            "hashes": [
                "sha256:0294accc8b0668abf5b33b6b5151fc3b1ff4d02f27549ffa258945ea9e53ccad",
                "sha256:2cc3405117274138403d7f6ef60162154b8c7be5b39ac08ac06d0a650be3be94",
                "sha256:b6c085e50e33133cd3718504521c780ed4d6b1e18e12c3bda6a0c949df7df254"
            ],
            "version": "==1.6"
        },
        "dnsdiag": {
            "hashes": [
                "sha256:2f96fff1dd47816ac937abaa129dfdf561c739f01be0246083b84057371d76e1"
            ],
            "index": "pypi",
            "version": "==2.6.0"
        },
        "dnspython": {
            "hashes": [
                "sha256:b4c34b7d10b51bcc3a5071e7b8dee77939f1e878477eeecc965e9835f63c6c86",
                "sha256:ce9c432eda0dc91cf618a5cedf1a4e142651196bbcd2c80e89ed5a907e5cfaf1"
            ],
            "markers": "python_version >= '3.9'",
            "version": "==2.7.0"
        },
        "h11": {
            "hashes": [
                "sha256:4e35b956cf45792e4caa5885e69fba00bdbc6ffafbfa020300e549b208ee5ff1",
                "sha256:63cf8bbe7522de3bf65932fda1d9c2772064ffb3dae62d55932da54b31cb6c86"
            ],
            "markers": "python_version >= '3.8'",
            "version": "==0.16.0"
        },
        "h2": {
            "hashes": [
                "sha256:479a53ad425bb29af087f3458a61d30780bc818e4ebcf01f0b536ba916462ed0",
                "sha256:c8a52129695e88b1a0578d8d2cc6842bbd79128ac685463b887ee278126ad01f"
            ],
            "markers": "python_version >= '3.9'",
            "version": "==4.2.0"
        },
        "hpack": {
            "hashes": [
                "sha256:157ac792668d995c657d93111f46b4535ed114f0c9c8d672271bbec7eae1b496",
                "sha256:ec5eca154f7056aa06f196a557655c5b009b382873ac8d1e66e79e87535f1dca"
            ],
            "markers": "python_version >= '3.9'",
            "version": "==4.1.0"
        },
        "httpcore": {
            "hashes": [
                "sha256:2d400746a40668fc9dec9810239072b40b4484b640a8c38fd654a024c7a1bf55",
                "sha256:6e34463af53fd2ab5d807f399a9b45ea31c3dfa2276f15a2c3f00afff6e176e8"
            ],
            "markers": "python_version >= '3.8'",
            "version": "==1.0.9"
        },
        "httpx": {
            "hashes": [
                "sha256:75e98c5f16b0f35b567856f597f06ff2270a374470a5c2392242528e3e3e42fc",
                "sha256:d909fcccc110f8c7faf814ca82a9a4d816bc5a6dbfea25d6591d6985b8ba59ad"
            ],
            "markers": "python_version >= '3.8'",
            "version": "==0.28.1"
        },
        "hyperframe": {
            "hashes": [
                "sha256:b03380493a519fce58ea5af42e4a42317bf9bd425596f7a0835ffce80f1a42e5",
                "sha256:f630908a00854a7adeabd6382b43923a4c4cd4b821fcb527e6ab9e15382a3b08"
            ],
            "markers": "python_version >= '3.9'",
            "version": "==6.1.0"
        },
        "idna": {
            "hashes": [
                "sha256:12f65c9b470abda6dc35cf8e63cc574b1c52b11df2c86030af0ac09b01b13ea9",
                "sha256:946d195a0d259cbba61165e88e65941f16e9b36ea6ddb97f00452bae8b1287d3"
            ],
            "markers": "python_version >= '3.6'",
            "version": "==3.10"
        },
        "pyasn1": {
            "hashes": [
                "sha256:0d632f46f2ba09143da3a8afe9e33fb6f92fa2320ab7e886e2d0f7672af84629",
                "sha256:6f580d2bdd84365380830acf45550f2511469f673cb4a5ae3857a3170128b034"
            ],
            "markers": "python_version >= '3.8'",
            "version": "==0.6.1"
        },
        "pyasn1-modules": {
            "hashes": [
                "sha256:29253a9207ce32b64c3ac6600edc75368f98473906e8fd1043bd6b5b1de2c14a",
                "sha256:677091de870a80aae844b1ca6134f54652fa2c8c5a52aa396440ac3106e941e6"
            ],
            "markers": "python_version >= '3.8'",
            "version": "==0.4.2"
        },
        "pycparser": {
            "hashes": [
                "sha256:491c8be9c040f5390f5bf44a5b07752bd07f56edf992381b05c701439eec10f6",
                "sha256:c3702b6d3dd8c7abc1afa565d7e63d53a1d0bd86cdc24edd75470f4de499cfcc"
            ],
            "markers": "python_version >= '3.8'",
            "version": "==2.22"
        },
        "pylsqpack": {
            "hashes": [
                "sha256:6e58bfca5d8608d17d37c184569c0f7e51eb61bdc824a0c1444697f5028c1d95",
                "sha256:74e48c8820cd654b64c311627b2b5f960e5f1ea0ae0fd99087f84ca99f5dfe07",
                "sha256:77f3ea779b7efaf0af9ab4664088c3c85ee14fe028106e7a9173b85ba9b55d23",
                "sha256:8d37eccc118cdd3ad527b49c93534c3d14f5163eba34c21be7ae857fc26c3cc8",
                "sha256:90618ad973a3bd6592decae44b1fdf9099384353e5b3256e6dd0e06f79e0ceb0",
                "sha256:926bc2102562c76b256d93b19ed209507563a738372c3f089c7d501eceb8b10d",
                "sha256:a122c5e2bb69f20077e50f5b3f5ddde0c56f621db93596a8aaa127f27ab44ac4",
                "sha256:c384ece3e1e73ed449693e2e6871ab01a6cfaf468659a727e098a669a8a44039",
                "sha256:cb6b24c3791e522056962c280e3ef1e0fba74c267ea2151b5434ab797285b023",
                "sha256:d75efd4eaf0e6ee4f9ad8eecbb77e97d2ea09154db0a805f1e40d1e1340c1843",
                "sha256:e2d8128ef1f455c198ce8ead9d70f8aca92533a6ea513481f1e5eb546a2bb834"
            ],
            "markers": "python_version >= '3.9'",
            "version": "==0.3.20"
        },
        "pyopenssl": {
            "hashes": [
                "sha256:424c247065e46e76a37411b9ab1782541c23bb658bf003772c3405fbaa128e90",
                "sha256:cd2cef799efa3936bb08e8ccb9433a575722b9dd986023f1cabc4ae64e9dac16"
            ],
            "markers": "python_version >= '3.7'",
            "version": "==25.0.0"
        },
        "service-identity": {
            "hashes": [
                "sha256:6b047fbd8a84fd0bb0d55ebce4031e400562b9196e1e0d3e0fe2b8a59f6d4a85",
                "sha256:b8683ba13f0d39c6cd5d625d2c5f65421d6d707b013b375c355751557cbe8e09"
            ],
            "markers": "python_version >= '3.8'",
            "version": "==24.2.0"
        },
        "sniffio": {
            "hashes": [
                "sha256:2f6da418d1f1e0fddd844478f41680e794e6051915791a034ff65e5f100525a2",
                "sha256:f4324edc670a0f49750a81b895f35c3adb843cca46f0530f79fc1babb23789dc"
            ],
            "markers": "python_version >= '3.7'",
            "version": "==1.3.1"
        },
        "typing-extensions": {
            "hashes": [
                "sha256:a439e7c04b49fec3e5d3e2beaa21755cadbbdc391694e28ccdd36ca4a1408f8c",
                "sha256:e6c81219bd689f51865d9e372991c540bda33a0379d5573cddb9a3a23f7caaef"
            ],
            "markers": "python_version >= '3.8'",
            "version": "==4.13.2"
        }
    },
    "develop": {}
}
