{
    "_meta": {
        "hash": {
            "sha256": "0bb2eaf580c1b02cb496ced080c637613941f277638f734c2b198a76587097be"
        },
        "pipfile-spec": 6,
        "requires": {
            "python_version": "3"
        },
        "sources": [
            {
                "name": "pypi",
                "url": "https://pypi.org/simple",
                "verify_ssl": true
            },
            {
                "name": "piwheels",
                "url": "https://www.piwheels.org/simple",
                "verify_ssl": true
            }
        ]
    },
    "default": {
        "jinja2": {
            "hashes": [
                "sha256:4a3aee7acbbe7303aede8e9648d13b8bf88a429282aa6122a993f0ac800cb369",
                "sha256:bc5dd2abb727a5319567b7a813e6a2e7318c39f4f487cfe6c89c6f9c7d25197d"
            ],
            "markers": "python_version >= '3.7'",
            "version": "==3.1.4"
        },
        "linkify-it-py": {
            "hashes": [
                "sha256:68cda27e162e9215c17d786649d1da0021a451bdc436ef9e0fa0ba5234b9b048",
                "sha256:6bcbc417b0ac14323382aef5c5192c0075bf8a9d6b41820a2b66371eac6b6d79"
            ],
            "version": "==2.0.3"
        },
        "markdown-it-py": {
            "extras": [
                "linkify",
                "plugins"
            ],
            "hashes": [
                "sha256:355216845c60bd96232cd8d8c40e8f9765cc86f46880e43a8fd22dc1a1a8cab1",
                "sha256:e3f60a94fa066dc52ec76661e37c851cb232d92f9886b15cb560aaada2df8feb"
            ],
            "markers": "python_version >= '3.8'",
            "version": "==3.0.0"
        },
        "markupsafe": {
            "hashes": [
                "sha256:00e046b6dd71aa03a41079792f8473dc494d564611a8f89bbbd7cb93295ebdcf",
                "sha256:075202fa5b72c86ad32dc7d0b56024ebdbcf2048c0ba09f1cde31bfdd57bcfff",
                "sha256:0e397ac966fdf721b2c528cf028494e86172b4feba51d65f81ffd65c63798f3f",
                "sha256:17b950fccb810b3293638215058e432159d2b71005c74371d784862b7e4683f3",
                "sha256:1f3fbcb7ef1f16e48246f704ab79d79da8a46891e2da03f8783a5b6fa41a9532",
                "sha256:2174c595a0d73a3080ca3257b40096db99799265e1c27cc5a610743acd86d62f",
                "sha256:2b7c57a4dfc4f16f7142221afe5ba4e093e09e728ca65c51f5620c9aaeb9a617",
                "sha256:2d2d793e36e230fd32babe143b04cec8a8b3eb8a3122d2aceb4a371e6b09b8df",
                "sha256:30b600cf0a7ac9234b2638fbc0fb6158ba5bdcdf46aeb631ead21248b9affbc4",
                "sha256:397081c1a0bfb5124355710fe79478cdbeb39626492b15d399526ae53422b906",
                "sha256:3a57fdd7ce31c7ff06cdfbf31dafa96cc533c21e443d57f5b1ecc6cdc668ec7f",
                "sha256:3c6b973f22eb18a789b1460b4b91bf04ae3f0c4234a0a6aa6b0a92f6f7b951d4",
                "sha256:3e53af139f8579a6d5f7b76549125f0d94d7e630761a2111bc431fd820e163b8",
                "sha256:4096e9de5c6fdf43fb4f04c26fb114f61ef0bf2e5604b6ee3019d51b69e8c371",
                "sha256:4275d846e41ecefa46e2015117a9f491e57a71ddd59bbead77e904dc02b1bed2",
                "sha256:4c31f53cdae6ecfa91a77820e8b151dba54ab528ba65dfd235c80b086d68a465",
                "sha256:4f11aa001c540f62c6166c7726f71f7573b52c68c31f014c25cc7901deea0b52",
                "sha256:5049256f536511ee3f7e1b3f87d1d1209d327e818e6ae1365e8653d7e3abb6a6",
                "sha256:58c98fee265677f63a4385256a6d7683ab1832f3ddd1e66fe948d5880c21a169",
                "sha256:598e3276b64aff0e7b3451b72e94fa3c238d452e7ddcd893c3ab324717456bad",
                "sha256:5b7b716f97b52c5a14bffdf688f971b2d5ef4029127f1ad7a513973cfd818df2",
                "sha256:5dedb4db619ba5a2787a94d877bc8ffc0566f92a01c0ef214865e54ecc9ee5e0",
                "sha256:619bc166c4f2de5caa5a633b8b7326fbe98e0ccbfacabd87268a2b15ff73a029",
                "sha256:629ddd2ca402ae6dbedfceeba9c46d5f7b2a61d9749597d4307f943ef198fc1f",
                "sha256:656f7526c69fac7f600bd1f400991cc282b417d17539a1b228617081106feb4a",
                "sha256:6ec585f69cec0aa07d945b20805be741395e28ac1627333b1c5b0105962ffced",
                "sha256:72b6be590cc35924b02c78ef34b467da4ba07e4e0f0454a2c5907f473fc50ce5",
                "sha256:7502934a33b54030eaf1194c21c692a534196063db72176b0c4028e140f8f32c",
                "sha256:7a68b554d356a91cce1236aa7682dc01df0edba8d043fd1ce607c49dd3c1edcf",
                "sha256:7b2e5a267c855eea6b4283940daa6e88a285f5f2a67f2220203786dfa59b37e9",
                "sha256:823b65d8706e32ad2df51ed89496147a42a2a6e01c13cfb6ffb8b1e92bc910bb",
                "sha256:8590b4ae07a35970728874632fed7bd57b26b0102df2d2b233b6d9d82f6c62ad",
                "sha256:8dd717634f5a044f860435c1d8c16a270ddf0ef8588d4887037c5028b859b0c3",
                "sha256:8dec4936e9c3100156f8a2dc89c4b88d5c435175ff03413b443469c7c8c5f4d1",
                "sha256:97cafb1f3cbcd3fd2b6fbfb99ae11cdb14deea0736fc2b0952ee177f2b813a46",
                "sha256:a17a92de5231666cfbe003f0e4b9b3a7ae3afb1ec2845aadc2bacc93ff85febc",
                "sha256:a549b9c31bec33820e885335b451286e2969a2d9e24879f83fe904a5ce59d70a",
                "sha256:ac07bad82163452a6884fe8fa0963fb98c2346ba78d779ec06bd7a6262132aee",
                "sha256:ae2ad8ae6ebee9d2d94b17fb62763125f3f374c25618198f40cbb8b525411900",
                "sha256:b91c037585eba9095565a3556f611e3cbfaa42ca1e865f7b8015fe5c7336d5a5",
                "sha256:bc1667f8b83f48511b94671e0e441401371dfd0f0a795c7daa4a3cd1dde55bea",
                "sha256:bec0a414d016ac1a18862a519e54b2fd0fc8bbfd6890376898a6c0891dd82e9f",
                "sha256:bf50cd79a75d181c9181df03572cdce0fbb75cc353bc350712073108cba98de5",
                "sha256:bff1b4290a66b490a2f4719358c0cdcd9bafb6b8f061e45c7a2460866bf50c2e",
                "sha256:c061bb86a71b42465156a3ee7bd58c8c2ceacdbeb95d05a99893e08b8467359a",
                "sha256:c8b29db45f8fe46ad280a7294f5c3ec36dbac9491f2d1c17345be8e69cc5928f",
                "sha256:ce409136744f6521e39fd8e2a24c53fa18ad67aa5bc7c2cf83645cce5b5c4e50",
                "sha256:d050b3361367a06d752db6ead6e7edeb0009be66bc3bae0ee9d97fb326badc2a",
                "sha256:d283d37a890ba4c1ae73ffadf8046435c76e7bc2247bbb63c00bd1a709c6544b",
                "sha256:d9fad5155d72433c921b782e58892377c44bd6252b5af2f67f16b194987338a4",
                "sha256:daa4ee5a243f0f20d528d939d06670a298dd39b1ad5f8a72a4275124a7819eff",
                "sha256:db0b55e0f3cc0be60c1f19efdde9a637c32740486004f20d1cff53c3c0ece4d2",
                "sha256:e61659ba32cf2cf1481e575d0462554625196a1f2fc06a1c777d3f48e8865d46",
                "sha256:ea3d8a3d18833cf4304cd2fc9cbb1efe188ca9b5efef2bdac7adc20594a0e46b",
                "sha256:ec6a563cff360b50eed26f13adc43e61bc0c04d94b8be985e6fb24b81f6dcfdf",
                "sha256:f5dfb42c4604dddc8e4305050aa6deb084540643ed5804d7455b5df8fe16f5e5",
                "sha256:fa173ec60341d6bb97a89f5ea19c85c5643c1e7dedebc22f5181eb73573142c5",
                "sha256:fa9db3f79de01457b03d4f01b34cf91bc0048eb2c3846ff26f66687c2f6d16ab",
                "sha256:fce659a462a1be54d2ffcacea5e3ba2d74daa74f30f5f143fe0c58636e355fdd",
                "sha256:ffee1f21e5ef0d712f9033568f8344d5da8cc2869dbd08d87c84656e6a2d2f68"
            ],
            "markers": "python_version >= '3.7'",
            "version": "==2.1.5"
        },
        "mdit-py-plugins": {
            "hashes": [
                "sha256:0c673c3f889399a33b95e88d2f0d111b4447bdfea7f237dab2d488f459835636",
                "sha256:5f2cd1fdb606ddf152d37ec30e46101a60512bc0e5fa1a7002c36647b09e26b5"
            ],
            "version": "==0.4.2"
        },
        "mdurl": {
            "hashes": [
                "sha256:84008a41e51615a49fc9966191ff91509e3c40b939176e643fd50a5c2196b8f8",
                "sha256:bb413d29f5eea38f31dd4754dd7377d4465116fb207585f97bf925588687c1ba"
            ],
            "markers": "python_version >= '3.7'",
            "version": "==0.1.2"
        },
        "memray": {
            "hashes": [
                "sha256:11fb00105572b70f2aca8b787ce9748b0c94672fbb6334f1604f7f813ca3dca6",
                "sha256:1d0a1397b5387b75dc9d9759beb022cb360948584840e850474d7d39ad267f85",
                "sha256:248dea8cfb5a615345e28b7e25c94377a8d198da3b6957ee443afa6f4ff1b733",
                "sha256:287a01953bc44dd0a32549a23bdacb5f9734e345ca289fa3923867c637715056",
                "sha256:29a2e7d84d1652ef4664bcceb155630979b4797180b70da35525d963a4ca707f",
                "sha256:2e4ccaca04365efcda51036fe2add980030e33cfc4f3a194a01f530a5c923c65",
                "sha256:344f3c73b97ffc8f1666b404deafbc31a19e6b2881341b706aa7ec20afb0e8b1",
                "sha256:36840f39277b1871ecb5a9592dd1aa517a17b9f855f4e3ff08aa328a9d305e69",
                "sha256:3b5e729d03caf426dc45a258270537a603794ecc067ccfd92f9c67ba9332e788",
                "sha256:3bc27e5483c70236c9379b99277b4ea8fa4b3f73a99e37af81190649bd877881",
                "sha256:3c7933ca70c0d59d0ce9b1064a6eda86231248759b46ed6dabedf489039d1aa1",
                "sha256:4352f9e85957f2cbe45a9e1c87dfc19d2df77e93dcd8a558794a683eeee57b7b",
                "sha256:443885a96ab9f67d46288240e2593b5c3ecb2c507ddb4e3b10695e104403d001",
                "sha256:4e07bdc3a4979b335c2b6b93a81b807d5aacd8dbbea56c41c6899a8bc0d2beb3",
                "sha256:52a45d96ed717d8efb645e99646a92dd21a2ca38bdb823fe22e38c429cba9513",
                "sha256:57f9bf3f1c648f1ea877a84c21c449fdafd8cc105763ada6023e36bae9b45eb8",
                "sha256:5953f0d2aa31b23d4cce20236a03d90b7c71903709a57b456d6494bfe6f470b7",
                "sha256:5b7a59346d242fc39041d87a71cb6cf45baf492ffbb69da9690de49346be64a8",
                "sha256:638ba74e1735a40b6595fee7f37b426b9a95d244091a1f5df3dc5d98df1cbd4b",
                "sha256:6a7e5604448b2a78e329addfb099384515d3f973a03711c4e2a7b6c9f7f34f53",
                "sha256:7227ebf024cb0688a68ed91ed3e05c61a13751a9e875807195076b827bfde464",
                "sha256:72febec7b287667e8ea9ee3e879a4da19a4318bc47e211da815be74acd961994",
                "sha256:745d9014cb662065501441a7b534c29914fe2b68398b37385aba9f4a1c51c723",
                "sha256:75a5907345ff845652e709ddce3171a9ba2d65c62e8bd49a99131066e2a7ce3b",
                "sha256:7d03f6be66aa259df7fa50082876fbe6461108d77d46c1f720c46067d60685d4",
                "sha256:88c89c3797834eec177a89ad528699c75b94e2ed08c00754141eae69c520b894",
                "sha256:958d57f7149b8fa4831785394f2a7ace93dbc2be6c49a1c07987a8972986474a",
                "sha256:9af9d30b1e484fd8591c9a7f322fd50b9192a2bce660be92385a01555af9968b",
                "sha256:9bb0cfe1b755a860435cd52047b2e3f4f7b0c3887e0c1bf98da7127948284a91",
                "sha256:a22a826b4047e839310514f4889c24e45a66ea222fca19ac0ae7b2f89bbb0281",
                "sha256:a43455233d534e9c0e8dabe827d451124874a6455b2afcbcd60b823241ea5843",
                "sha256:af8aee7e8e5cac1e4130f1184b3e03b6bb08264e4ba1696551791ed3f8fb824e",
                "sha256:b3b8d46b6447cdecba3ba100d47c62e78cdad58b00b2d6ba004d6bad318c8668",
                "sha256:b5d8874b7b215551f0ae9fa8aef3f2f52321a6460dc0141aaf9374709e6b0eb7",
                "sha256:c119b600e7c665e0713f09e25f9ee09733a98035688ecc1ec8fd168fa37a77f6",
                "sha256:c4088b391c04796c888ac751b5d387f6e8212b3515d4c53ba540c65a6efe4bda",
                "sha256:c82342cead930ca50235f59740ca238808f9c33ef31d994712972966beb6226e",
                "sha256:d6087f291fd68acdf0a833efb57bc0f192c98ae89b4377c690c28313e78d029c",
                "sha256:dfc17cba35d98e3d2ca20ab995f17eec3edba7138b062cbc1aa36d53d9d2d955",
                "sha256:e05a3b6bc82ef01821beaee98e86bd8de2ada06cb8781add9c40a3ae4a040383",
                "sha256:e6ba7bff9dfa37bf3b80a5b83b50eadf20afb1f0e8de4a0139019154086d6bed",
                "sha256:f62a402ca1a7126f749544c3d6493672d6330ffd37d59ba230bc73e5143b3bc2",
                "sha256:f85a27eb8a65c810161bb992116a66d328546f78a4a4c7c1868949651b917c08"
            ],
            "index": "pypi",
            "markers": "python_full_version >= '3.7.0'",
            "version": "==1.14.0"
        },
        "platformdirs": {
            "hashes": [
                "sha256:9e5e27a08aa095dd127b9f2e764d74254f482fef22b0970773bfba79d091ab8c",
                "sha256:eb1c8582560b34ed4ba105009a4badf7f6f85768b30126f351328507b2beb617"
            ],
            "markers": "python_version >= '3.8'",
            "version": "==4.3.2"
        },
        "pygments": {
            "hashes": [
                "sha256:786ff802f32e91311bff3889f6e9a86e81505fe99f2735bb6d60ae0c5004f199",
                "sha256:b8e6aca0523f3ab76fee51799c488e38782ac06eafcf95e7ba832985c8e7b13a"
            ],
            "markers": "python_version >= '3.8'",
            "version": "==2.18.0"
        },
        "rich": {
            "hashes": [
                "sha256:1760a3c0848469b97b558fc61c85233e3dafb69c7a071b4d60c38099d3cd4c06",
                "sha256:8260cda28e3db6bf04d2d1ef4dbc03ba80a824c88b0e7668a0f23126a424844a"
            ],
            "markers": "python_full_version >= '3.7.0'",
            "version": "==13.8.1"
        },
        "textual": {
            "hashes": [
                "sha256:2aaa9778beac5e56957794ee492bd8d281d39516ccb0e507e726484a1327d8b2",
                "sha256:75f26c0a8829560a1a8cc739f758c2c1c684246e27166acb3f4ad40110200692"
            ],
            "markers": "python_full_version >= '3.8.1' and python_full_version < '4.0.0'",
            "version": "==0.79.1"
        },
        "typing-extensions": {
            "hashes": [
                "sha256:04e5ca0351e0f3f85c6853954072df659d0d13fac324d0072316b67d7794700d",
                "sha256:1a7ead55c7e559dd4dee8856e3a88b41225abfe1ce8df57b7c13915fe121ffb8"
            ],
            "markers": "python_version >= '3.8'",
            "version": "==4.12.2"
        },
        "uc-micro-py": {
            "hashes": [
                "sha256:d321b92cff673ec58027c04015fcaa8bb1e005478643ff4a500882eaab88c48a",
                "sha256:db1dffff340817673d7b466ec86114a9dc0e9d4d9b5ba229d9d60e5c12600cd5"
            ],
            "markers": "python_version >= '3.7'",
            "version": "==1.0.3"
        }
    },
    "develop": {}
}
