{
    "_meta": {
        "hash": {
            "sha256": "0bb2eaf580c1b02cb496ced080c637613941f277638f734c2b198a76587097be"
        },
        "pipfile-spec": 6,
        "requires": {
            "python_version": "3"
        },
        "sources": [
            {
                "name": "pypi",
                "url": "https://pypi.org/simple",
                "verify_ssl": true
            },
            {
                "name": "piwheels",
                "url": "https://www.piwheels.org/simple",
                "verify_ssl": true
            }
        ]
    },
    "default": {
        "jinja2": {
            "hashes": [
                "sha256:4a3aee7acbbe7303aede8e9648d13b8bf88a429282aa6122a993f0ac800cb369",
                "sha256:bc5dd2abb727a5319567b7a813e6a2e7318c39f4f487cfe6c89c6f9c7d25197d"
            ],
            "markers": "python_version >= '3.7'",
            "version": "==3.1.4"
        },
        "linkify-it-py": {
            "hashes": [
                "sha256:68cda27e162e9215c17d786649d1da0021a451bdc436ef9e0fa0ba5234b9b048",
                "sha256:6bcbc417b0ac14323382aef5c5192c0075bf8a9d6b41820a2b66371eac6b6d79"
            ],
            "version": "==2.0.3"
        },
        "markdown-it-py": {
            "extras": [
                "linkify",
                "plugins"
            ],
            "hashes": [
                "sha256:355216845c60bd96232cd8d8c40e8f9765cc86f46880e43a8fd22dc1a1a8cab1",
                "sha256:e3f60a94fa066dc52ec76661e37c851cb232d92f9886b15cb560aaada2df8feb"
            ],
            "markers": "python_version >= '3.8'",
            "version": "==3.0.0"
        },
        "markupsafe": {
            "hashes": [
                "sha256:0778de17cff1acaeccc3ff30cd99a3fd5c50fc58ad3d6c0e0c4c58092b859396",
                "sha256:0f84af7e813784feb4d5e4ff7db633aba6c8ca64a833f61d8e4eade234ef0c38",
                "sha256:17b2aea42a7280db02ac644db1d634ad47dcc96faf38ab304fe26ba2680d359a",
                "sha256:242d6860f1fd9191aef5fae22b51c5c19767f93fb9ead4d21924e0bcb17619d8",
                "sha256:244dbe463d5fb6d7ce161301a03a6fe744dac9072328ba9fc82289238582697b",
                "sha256:26627785a54a947f6d7336ce5963569b5d75614619e75193bdb4e06e21d447ad",
                "sha256:2a4b34a8d14649315c4bc26bbfa352663eb51d146e35eef231dd739d54a5430a",
                "sha256:2ae99f31f47d849758a687102afdd05bd3d3ff7dbab0a8f1587981b58a76152a",
                "sha256:312387403cd40699ab91d50735ea7a507b788091c416dd007eac54434aee51da",
                "sha256:3341c043c37d78cc5ae6e3e305e988532b072329639007fd408a476642a89fd6",
                "sha256:33d1c36b90e570ba7785dacd1faaf091203d9942bc036118fab8110a401eb1a8",
                "sha256:3e683ee4f5d0fa2dde4db77ed8dd8a876686e3fc417655c2ece9a90576905344",
                "sha256:3ffb4a8e7d46ed96ae48805746755fadd0909fea2306f93d5d8233ba23dda12a",
                "sha256:40621d60d0e58aa573b68ac5e2d6b20d44392878e0bfc159012a5787c4e35bc8",
                "sha256:40f1e10d51c92859765522cbd79c5c8989f40f0419614bcdc5015e7b6bf97fc5",
                "sha256:45d42d132cff577c92bfba536aefcfea7e26efb975bd455db4e6602f5c9f45e7",
                "sha256:48488d999ed50ba8d38c581d67e496f955821dc183883550a6fbc7f1aefdc170",
                "sha256:4935dd7883f1d50e2ffecca0aa33dc1946a94c8f3fdafb8df5c330e48f71b132",
                "sha256:4c2d64fdba74ad16138300815cfdc6ab2f4647e23ced81f59e940d7d4a1469d9",
                "sha256:4c8817557d0de9349109acb38b9dd570b03cc5014e8aabf1cbddc6e81005becd",
                "sha256:4ffaaac913c3f7345579db4f33b0020db693f302ca5137f106060316761beea9",
                "sha256:5a4cb365cb49b750bdb60b846b0c0bc49ed62e59a76635095a179d440540c346",
                "sha256:62fada2c942702ef8952754abfc1a9f7658a4d5460fabe95ac7ec2cbe0d02abc",
                "sha256:67c519635a4f64e495c50e3107d9b4075aec33634272b5db1cde839e07367589",
                "sha256:6a54c43d3ec4cf2a39f4387ad044221c66a376e58c0d0e971d47c475ba79c6b5",
                "sha256:7044312a928a66a4c2a22644147bc61a199c1709712069a344a3fb5cfcf16915",
                "sha256:730d86af59e0e43ce277bb83970530dd223bf7f2a838e086b50affa6ec5f9295",
                "sha256:800100d45176652ded796134277ecb13640c1a537cad3b8b53da45aa96330453",
                "sha256:80fcbf3add8790caddfab6764bde258b5d09aefbe9169c183f88a7410f0f6dea",
                "sha256:82b5dba6eb1bcc29cc305a18a3c5365d2af06ee71b123216416f7e20d2a84e5b",
                "sha256:852dc840f6d7c985603e60b5deaae1d89c56cb038b577f6b5b8c808c97580f1d",
                "sha256:8ad4ad1429cd4f315f32ef263c1342166695fad76c100c5d979c45d5570ed58b",
                "sha256:8ae369e84466aa70f3154ee23c1451fda10a8ee1b63923ce76667e3077f2b0c4",
                "sha256:93e8248d650e7e9d49e8251f883eed60ecbc0e8ffd6349e18550925e31bd029b",
                "sha256:973a371a55ce9ed333a3a0f8e0bcfae9e0d637711534bcb11e130af2ab9334e7",
                "sha256:9ba25a71ebf05b9bb0e2ae99f8bc08a07ee8e98c612175087112656ca0f5c8bf",
                "sha256:a10860e00ded1dd0a65b83e717af28845bb7bd16d8ace40fe5531491de76b79f",
                "sha256:a4792d3b3a6dfafefdf8e937f14906a51bd27025a36f4b188728a73382231d91",
                "sha256:a7420ceda262dbb4b8d839a4ec63d61c261e4e77677ed7c66c99f4e7cb5030dd",
                "sha256:ad91738f14eb8da0ff82f2acd0098b6257621410dcbd4df20aaa5b4233d75a50",
                "sha256:b6a387d61fe41cdf7ea95b38e9af11cfb1a63499af2759444b99185c4ab33f5b",
                "sha256:b954093679d5750495725ea6f88409946d69cfb25ea7b4c846eef5044194f583",
                "sha256:bbde71a705f8e9e4c3e9e33db69341d040c827c7afa6789b14c6e16776074f5a",
                "sha256:beeebf760a9c1f4c07ef6a53465e8cfa776ea6a2021eda0d0417ec41043fe984",
                "sha256:c91b394f7601438ff79a4b93d16be92f216adb57d813a78be4446fe0f6bc2d8c",
                "sha256:c97ff7fedf56d86bae92fa0a646ce1a0ec7509a7578e1ed238731ba13aabcd1c",
                "sha256:cb53e2a99df28eee3b5f4fea166020d3ef9116fdc5764bc5117486e6d1211b25",
                "sha256:cbf445eb5628981a80f54087f9acdbf84f9b7d862756110d172993b9a5ae81aa",
                "sha256:d06b24c686a34c86c8c1fba923181eae6b10565e4d80bdd7bc1c8e2f11247aa4",
                "sha256:d98e66a24497637dd31ccab090b34392dddb1f2f811c4b4cd80c230205c074a3",
                "sha256:db15ce28e1e127a0013dfb8ac243a8e392db8c61eae113337536edb28bdc1f97",
                "sha256:db842712984e91707437461930e6011e60b39136c7331e971952bb30465bc1a1",
                "sha256:e24bfe89c6ac4c31792793ad9f861b8f6dc4546ac6dc8f1c9083c7c4f2b335cd",
                "sha256:e81c52638315ff4ac1b533d427f50bc0afc746deb949210bc85f05d4f15fd772",
                "sha256:e9393357f19954248b00bed7c56f29a25c930593a77630c719653d51e7669c2a",
                "sha256:ee3941769bd2522fe39222206f6dd97ae83c442a94c90f2b7a25d847d40f4729",
                "sha256:f31ae06f1328595d762c9a2bf29dafd8621c7d3adc130cbb46278079758779ca",
                "sha256:f94190df587738280d544971500b9cafc9b950d32efcb1fba9ac10d84e6aa4e6",
                "sha256:fa7d686ed9883f3d664d39d5a8e74d3c5f63e603c2e3ff0abcba23eac6542635",
                "sha256:fb532dd9900381d2e8f48172ddc5a59db4c445a11b9fab40b3b786da40d3b56b",
                "sha256:fe32482b37b4b00c7a52a07211b479653b7fe4f22b2e481b9a9b099d8a430f2f"
            ],
            "markers": "python_version >= '3.9'",
            "version": "==3.0.1"
        },
        "mdit-py-plugins": {
            "hashes": [
                "sha256:0c673c3f889399a33b95e88d2f0d111b4447bdfea7f237dab2d488f459835636",
                "sha256:5f2cd1fdb606ddf152d37ec30e46101a60512bc0e5fa1a7002c36647b09e26b5"
            ],
            "version": "==0.4.2"
        },
        "mdurl": {
            "hashes": [
                "sha256:84008a41e51615a49fc9966191ff91509e3c40b939176e643fd50a5c2196b8f8",
                "sha256:bb413d29f5eea38f31dd4754dd7377d4465116fb207585f97bf925588687c1ba"
            ],
            "markers": "python_version >= '3.7'",
            "version": "==0.1.2"
        },
        "memray": {
            "hashes": [
                "sha256:11fb00105572b70f2aca8b787ce9748b0c94672fbb6334f1604f7f813ca3dca6",
                "sha256:1d0a1397b5387b75dc9d9759beb022cb360948584840e850474d7d39ad267f85",
                "sha256:248dea8cfb5a615345e28b7e25c94377a8d198da3b6957ee443afa6f4ff1b733",
                "sha256:287a01953bc44dd0a32549a23bdacb5f9734e345ca289fa3923867c637715056",
                "sha256:29a2e7d84d1652ef4664bcceb155630979b4797180b70da35525d963a4ca707f",
                "sha256:2e4ccaca04365efcda51036fe2add980030e33cfc4f3a194a01f530a5c923c65",
                "sha256:344f3c73b97ffc8f1666b404deafbc31a19e6b2881341b706aa7ec20afb0e8b1",
                "sha256:36840f39277b1871ecb5a9592dd1aa517a17b9f855f4e3ff08aa328a9d305e69",
                "sha256:3b5e729d03caf426dc45a258270537a603794ecc067ccfd92f9c67ba9332e788",
                "sha256:3bc27e5483c70236c9379b99277b4ea8fa4b3f73a99e37af81190649bd877881",
                "sha256:3c7933ca70c0d59d0ce9b1064a6eda86231248759b46ed6dabedf489039d1aa1",
                "sha256:4352f9e85957f2cbe45a9e1c87dfc19d2df77e93dcd8a558794a683eeee57b7b",
                "sha256:443885a96ab9f67d46288240e2593b5c3ecb2c507ddb4e3b10695e104403d001",
                "sha256:4e07bdc3a4979b335c2b6b93a81b807d5aacd8dbbea56c41c6899a8bc0d2beb3",
                "sha256:52a45d96ed717d8efb645e99646a92dd21a2ca38bdb823fe22e38c429cba9513",
                "sha256:57f9bf3f1c648f1ea877a84c21c449fdafd8cc105763ada6023e36bae9b45eb8",
                "sha256:5953f0d2aa31b23d4cce20236a03d90b7c71903709a57b456d6494bfe6f470b7",
                "sha256:5b7a59346d242fc39041d87a71cb6cf45baf492ffbb69da9690de49346be64a8",
                "sha256:638ba74e1735a40b6595fee7f37b426b9a95d244091a1f5df3dc5d98df1cbd4b",
                "sha256:6a7e5604448b2a78e329addfb099384515d3f973a03711c4e2a7b6c9f7f34f53",
                "sha256:7227ebf024cb0688a68ed91ed3e05c61a13751a9e875807195076b827bfde464",
                "sha256:72febec7b287667e8ea9ee3e879a4da19a4318bc47e211da815be74acd961994",
                "sha256:745d9014cb662065501441a7b534c29914fe2b68398b37385aba9f4a1c51c723",
                "sha256:75a5907345ff845652e709ddce3171a9ba2d65c62e8bd49a99131066e2a7ce3b",
                "sha256:7d03f6be66aa259df7fa50082876fbe6461108d77d46c1f720c46067d60685d4",
                "sha256:88c89c3797834eec177a89ad528699c75b94e2ed08c00754141eae69c520b894",
                "sha256:958d57f7149b8fa4831785394f2a7ace93dbc2be6c49a1c07987a8972986474a",
                "sha256:9af9d30b1e484fd8591c9a7f322fd50b9192a2bce660be92385a01555af9968b",
                "sha256:9bb0cfe1b755a860435cd52047b2e3f4f7b0c3887e0c1bf98da7127948284a91",
                "sha256:a22a826b4047e839310514f4889c24e45a66ea222fca19ac0ae7b2f89bbb0281",
                "sha256:a43455233d534e9c0e8dabe827d451124874a6455b2afcbcd60b823241ea5843",
                "sha256:af8aee7e8e5cac1e4130f1184b3e03b6bb08264e4ba1696551791ed3f8fb824e",
                "sha256:b3b8d46b6447cdecba3ba100d47c62e78cdad58b00b2d6ba004d6bad318c8668",
                "sha256:b5d8874b7b215551f0ae9fa8aef3f2f52321a6460dc0141aaf9374709e6b0eb7",
                "sha256:c119b600e7c665e0713f09e25f9ee09733a98035688ecc1ec8fd168fa37a77f6",
                "sha256:c4088b391c04796c888ac751b5d387f6e8212b3515d4c53ba540c65a6efe4bda",
                "sha256:c82342cead930ca50235f59740ca238808f9c33ef31d994712972966beb6226e",
                "sha256:d6087f291fd68acdf0a833efb57bc0f192c98ae89b4377c690c28313e78d029c",
                "sha256:dfc17cba35d98e3d2ca20ab995f17eec3edba7138b062cbc1aa36d53d9d2d955",
                "sha256:e05a3b6bc82ef01821beaee98e86bd8de2ada06cb8781add9c40a3ae4a040383",
                "sha256:e6ba7bff9dfa37bf3b80a5b83b50eadf20afb1f0e8de4a0139019154086d6bed",
                "sha256:f62a402ca1a7126f749544c3d6493672d6330ffd37d59ba230bc73e5143b3bc2",
                "sha256:f85a27eb8a65c810161bb992116a66d328546f78a4a4c7c1868949651b917c08"
            ],
            "index": "pypi",
            "markers": "python_full_version >= '3.7.0'",
            "version": "==1.14.0"
        },
        "platformdirs": {
            "hashes": [
                "sha256:357fb2acbc885b0419afd3ce3ed34564c13c9b95c89360cd9563f73aa5e2b907",
                "sha256:73e575e1408ab8103900836b97580d5307456908a03e92031bab39e4554cc3fb"
            ],
            "markers": "python_version >= '3.8'",
            "version": "==4.3.6"
        },
        "pygments": {
            "hashes": [
                "sha256:786ff802f32e91311bff3889f6e9a86e81505fe99f2735bb6d60ae0c5004f199",
                "sha256:b8e6aca0523f3ab76fee51799c488e38782ac06eafcf95e7ba832985c8e7b13a"
            ],
            "markers": "python_version >= '3.8'",
            "version": "==2.18.0"
        },
        "rich": {
            "hashes": [
                "sha256:51a2c62057461aaf7152b4d611168f93a9fc73068f8ded2790f29fe2b5366d0c",
                "sha256:8c82a3d3f8dcfe9e734771313e606b39d8247bb6b826e196f4914b333b743cf1"
            ],
            "markers": "python_full_version >= '3.8.0'",
            "version": "==13.9.2"
        },
        "textual": {
            "hashes": [
                "sha256:d6efc1e5c54086fd0a4fe274f18b5638ca24a69325c07e1b4400a7d0a1a14c55",
                "sha256:fc3b97796092d9c7e685e5392f38f3eb2007ffe1b3b1384dee6d3f10d256babd"
            ],
            "markers": "python_full_version >= '3.8.1' and python_full_version < '4.0.0'",
            "version": "==0.83.0"
        },
        "typing-extensions": {
            "hashes": [
                "sha256:04e5ca0351e0f3f85c6853954072df659d0d13fac324d0072316b67d7794700d",
                "sha256:1a7ead55c7e559dd4dee8856e3a88b41225abfe1ce8df57b7c13915fe121ffb8"
            ],
            "markers": "python_version >= '3.8'",
            "version": "==4.12.2"
        },
        "uc-micro-py": {
            "hashes": [
                "sha256:d321b92cff673ec58027c04015fcaa8bb1e005478643ff4a500882eaab88c48a",
                "sha256:db1dffff340817673d7b466ec86114a9dc0e9d4d9b5ba229d9d60e5c12600cd5"
            ],
            "markers": "python_version >= '3.7'",
            "version": "==1.0.3"
        }
    },
    "develop": {}
}
