{
    "_meta": {
        "hash": {
            "sha256": "0bb2eaf580c1b02cb496ced080c637613941f277638f734c2b198a76587097be"
        },
        "pipfile-spec": 6,
        "requires": {
            "python_version": "3"
        },
        "sources": [
            {
                "name": "pypi",
                "url": "https://pypi.org/simple",
                "verify_ssl": true
            },
            {
                "name": "piwheels",
                "url": "https://www.piwheels.org/simple",
                "verify_ssl": true
            }
        ]
    },
    "default": {
        "jinja2": {
            "hashes": [
                "sha256:4a3aee7acbbe7303aede8e9648d13b8bf88a429282aa6122a993f0ac800cb369",
                "sha256:bc5dd2abb727a5319567b7a813e6a2e7318c39f4f487cfe6c89c6f9c7d25197d"
            ],
            "markers": "python_version >= '3.7'",
            "version": "==3.1.4"
        },
        "linkify-it-py": {
            "hashes": [
                "sha256:68cda27e162e9215c17d786649d1da0021a451bdc436ef9e0fa0ba5234b9b048",
                "sha256:6bcbc417b0ac14323382aef5c5192c0075bf8a9d6b41820a2b66371eac6b6d79"
            ],
            "markers": "python_version >= '3.7'",
            "version": "==2.0.3"
        },
        "markdown-it-py": {
            "extras": [
                "linkify",
                "plugins"
            ],
            "hashes": [
                "sha256:355216845c60bd96232cd8d8c40e8f9765cc86f46880e43a8fd22dc1a1a8cab1",
                "sha256:e3f60a94fa066dc52ec76661e37c851cb232d92f9886b15cb560aaada2df8feb"
            ],
            "markers": "python_version >= '3.8'",
            "version": "==3.0.0"
        },
        "markupsafe": {
            "hashes": [
                "sha256:0bff5e0ae4ef2e1ae4fdf2dfd5b76c75e5c2fa4132d05fc1b0dabcd20c7e28c4",
                "sha256:0f4ca02bea9a23221c0182836703cbf8930c5e9454bacce27e767509fa286a30",
                "sha256:1225beacc926f536dc82e45f8a4d68502949dc67eea90eab715dea3a21c1b5f0",
                "sha256:131a3c7689c85f5ad20f9f6fb1b866f402c445b220c19fe4308c0b147ccd2ad9",
                "sha256:15ab75ef81add55874e7ab7055e9c397312385bd9ced94920f2802310c930396",
                "sha256:1a9d3f5f0901fdec14d8d2f66ef7d035f2157240a433441719ac9a3fba440b13",
                "sha256:1c99d261bd2d5f6b59325c92c73df481e05e57f19837bdca8413b9eac4bd8028",
                "sha256:1e084f686b92e5b83186b07e8a17fc09e38fff551f3602b249881fec658d3eca",
                "sha256:2181e67807fc2fa785d0592dc2d6206c019b9502410671cc905d132a92866557",
                "sha256:2cb8438c3cbb25e220c2ab33bb226559e7afb3baec11c4f218ffa7308603c832",
                "sha256:3169b1eefae027567d1ce6ee7cae382c57fe26e82775f460f0b2778beaad66c0",
                "sha256:3809ede931876f5b2ec92eef964286840ed3540dadf803dd570c3b7e13141a3b",
                "sha256:38a9ef736c01fccdd6600705b09dc574584b89bea478200c5fbf112a6b0d5579",
                "sha256:3d79d162e7be8f996986c064d1c7c817f6df3a77fe3d6859f6f9e7be4b8c213a",
                "sha256:444dcda765c8a838eaae23112db52f1efaf750daddb2d9ca300bcae1039adc5c",
                "sha256:48032821bbdf20f5799ff537c7ac3d1fba0ba032cfc06194faffa8cda8b560ff",
                "sha256:4aa4e5faecf353ed117801a068ebab7b7e09ffb6e1d5e412dc852e0da018126c",
                "sha256:52305740fe773d09cffb16f8ed0427942901f00adedac82ec8b67752f58a1b22",
                "sha256:569511d3b58c8791ab4c2e1285575265991e6d8f8700c7be0e88f86cb0672094",
                "sha256:57cb5a3cf367aeb1d316576250f65edec5bb3be939e9247ae594b4bcbc317dfb",
                "sha256:5b02fb34468b6aaa40dfc198d813a641e3a63b98c2b05a16b9f80b7ec314185e",
                "sha256:6381026f158fdb7c72a168278597a5e3a5222e83ea18f543112b2662a9b699c5",
                "sha256:6af100e168aa82a50e186c82875a5893c5597a0c1ccdb0d8b40240b1f28b969a",
                "sha256:6c89876f41da747c8d3677a2b540fb32ef5715f97b66eeb0c6b66f5e3ef6f59d",
                "sha256:6e296a513ca3d94054c2c881cc913116e90fd030ad1c656b3869762b754f5f8a",
                "sha256:70a87b411535ccad5ef2f1df5136506a10775d267e197e4cf531ced10537bd6b",
                "sha256:7e94c425039cde14257288fd61dcfb01963e658efbc0ff54f5306b06054700f8",
                "sha256:846ade7b71e3536c4e56b386c2a47adf5741d2d8b94ec9dc3e92e5e1ee1e2225",
                "sha256:88416bd1e65dcea10bc7569faacb2c20ce071dd1f87539ca2ab364bf6231393c",
                "sha256:88b49a3b9ff31e19998750c38e030fc7bb937398b1f78cfa599aaef92d693144",
                "sha256:8c4e8c3ce11e1f92f6536ff07154f9d49677ebaaafc32db9db4620bc11ed480f",
                "sha256:8e06879fc22a25ca47312fbe7c8264eb0b662f6db27cb2d3bbbc74b1df4b9b87",
                "sha256:9025b4018f3a1314059769c7bf15441064b2207cb3f065e6ea1e7359cb46db9d",
                "sha256:93335ca3812df2f366e80509ae119189886b0f3c2b81325d39efdb84a1e2ae93",
                "sha256:9778bd8ab0a994ebf6f84c2b949e65736d5575320a17ae8984a77fab08db94cf",
                "sha256:9e2d922824181480953426608b81967de705c3cef4d1af983af849d7bd619158",
                "sha256:a123e330ef0853c6e822384873bef7507557d8e4a082961e1defa947aa59ba84",
                "sha256:a904af0a6162c73e3edcb969eeeb53a63ceeb5d8cf642fade7d39e7963a22ddb",
                "sha256:ad10d3ded218f1039f11a75f8091880239651b52e9bb592ca27de44eed242a48",
                "sha256:b424c77b206d63d500bcb69fa55ed8d0e6a3774056bdc4839fc9298a7edca171",
                "sha256:b5a6b3ada725cea8a5e634536b1b01c30bcdcd7f9c6fff4151548d5bf6b3a36c",
                "sha256:ba8062ed2cf21c07a9e295d5b8a2a5ce678b913b45fdf68c32d95d6c1291e0b6",
                "sha256:ba9527cdd4c926ed0760bc301f6728ef34d841f405abf9d4f959c478421e4efd",
                "sha256:bbcb445fa71794da8f178f0f6d66789a28d7319071af7a496d4d507ed566270d",
                "sha256:bcf3e58998965654fdaff38e58584d8937aa3096ab5354d493c77d1fdd66d7a1",
                "sha256:c0ef13eaeee5b615fb07c9a7dadb38eac06a0608b41570d8ade51c56539e509d",
                "sha256:cabc348d87e913db6ab4aa100f01b08f481097838bdddf7c7a84b7575b7309ca",
                "sha256:cdb82a876c47801bb54a690c5ae105a46b392ac6099881cdfb9f6e95e4014c6a",
                "sha256:cfad01eed2c2e0c01fd0ecd2ef42c492f7f93902e39a42fc9ee1692961443a29",
                "sha256:d16a81a06776313e817c951135cf7340a3e91e8c1ff2fac444cfd75fffa04afe",
                "sha256:d8213e09c917a951de9d09ecee036d5c7d36cb6cb7dbaece4c71a60d79fb9798",
                "sha256:e07c3764494e3776c602c1e78e298937c3315ccc9043ead7e685b7f2b8d47b3c",
                "sha256:e17c96c14e19278594aa4841ec148115f9c7615a47382ecb6b82bd8fea3ab0c8",
                "sha256:e444a31f8db13eb18ada366ab3cf45fd4b31e4db1236a4448f68778c1d1a5a2f",
                "sha256:e6a2a455bd412959b57a172ce6328d2dd1f01cb2135efda2e4576e8a23fa3b0f",
                "sha256:eaa0a10b7f72326f1372a713e73c3f739b524b3af41feb43e4921cb529f5929a",
                "sha256:eb7972a85c54febfb25b5c4b4f3af4dcc731994c7da0d8a0b4a6eb0640e1d178",
                "sha256:ee55d3edf80167e48ea11a923c7386f4669df67d7994554387f84e7d8b0a2bf0",
                "sha256:f3818cb119498c0678015754eba762e0d61e5b52d34c8b13d770f0719f7b1d79",
                "sha256:f8b3d067f2e40fe93e1ccdd6b2e1d16c43140e76f02fb1319a05cf2b79d99430",
                "sha256:fcabf5ff6eea076f859677f5f0b6b5c1a51e70a376b0579e0eadef8db48c6b50"
            ],
            "markers": "python_version >= '3.9'",
            "version": "==3.0.2"
        },
        "mdit-py-plugins": {
            "hashes": [
                "sha256:0c673c3f889399a33b95e88d2f0d111b4447bdfea7f237dab2d488f459835636",
                "sha256:5f2cd1fdb606ddf152d37ec30e46101a60512bc0e5fa1a7002c36647b09e26b5"
            ],
            "markers": "python_version >= '3.8'",
            "version": "==0.4.2"
        },
        "mdurl": {
            "hashes": [
                "sha256:84008a41e51615a49fc9966191ff91509e3c40b939176e643fd50a5c2196b8f8",
                "sha256:bb413d29f5eea38f31dd4754dd7377d4465116fb207585f97bf925588687c1ba"
            ],
            "markers": "python_version >= '3.7'",
            "version": "==0.1.2"
        },
        "memray": {
            "hashes": [
                "sha256:11fb00105572b70f2aca8b787ce9748b0c94672fbb6334f1604f7f813ca3dca6",
                "sha256:1d0a1397b5387b75dc9d9759beb022cb360948584840e850474d7d39ad267f85",
                "sha256:248dea8cfb5a615345e28b7e25c94377a8d198da3b6957ee443afa6f4ff1b733",
                "sha256:287a01953bc44dd0a32549a23bdacb5f9734e345ca289fa3923867c637715056",
                "sha256:29a2e7d84d1652ef4664bcceb155630979b4797180b70da35525d963a4ca707f",
                "sha256:2e4ccaca04365efcda51036fe2add980030e33cfc4f3a194a01f530a5c923c65",
                "sha256:344f3c73b97ffc8f1666b404deafbc31a19e6b2881341b706aa7ec20afb0e8b1",
                "sha256:36840f39277b1871ecb5a9592dd1aa517a17b9f855f4e3ff08aa328a9d305e69",
                "sha256:3b5e729d03caf426dc45a258270537a603794ecc067ccfd92f9c67ba9332e788",
                "sha256:3bc27e5483c70236c9379b99277b4ea8fa4b3f73a99e37af81190649bd877881",
                "sha256:3c7933ca70c0d59d0ce9b1064a6eda86231248759b46ed6dabedf489039d1aa1",
                "sha256:4352f9e85957f2cbe45a9e1c87dfc19d2df77e93dcd8a558794a683eeee57b7b",
                "sha256:443885a96ab9f67d46288240e2593b5c3ecb2c507ddb4e3b10695e104403d001",
                "sha256:4e07bdc3a4979b335c2b6b93a81b807d5aacd8dbbea56c41c6899a8bc0d2beb3",
                "sha256:52a45d96ed717d8efb645e99646a92dd21a2ca38bdb823fe22e38c429cba9513",
                "sha256:57f9bf3f1c648f1ea877a84c21c449fdafd8cc105763ada6023e36bae9b45eb8",
                "sha256:5953f0d2aa31b23d4cce20236a03d90b7c71903709a57b456d6494bfe6f470b7",
                "sha256:5b7a59346d242fc39041d87a71cb6cf45baf492ffbb69da9690de49346be64a8",
                "sha256:638ba74e1735a40b6595fee7f37b426b9a95d244091a1f5df3dc5d98df1cbd4b",
                "sha256:6a7e5604448b2a78e329addfb099384515d3f973a03711c4e2a7b6c9f7f34f53",
                "sha256:7227ebf024cb0688a68ed91ed3e05c61a13751a9e875807195076b827bfde464",
                "sha256:72febec7b287667e8ea9ee3e879a4da19a4318bc47e211da815be74acd961994",
                "sha256:745d9014cb662065501441a7b534c29914fe2b68398b37385aba9f4a1c51c723",
                "sha256:75a5907345ff845652e709ddce3171a9ba2d65c62e8bd49a99131066e2a7ce3b",
                "sha256:7d03f6be66aa259df7fa50082876fbe6461108d77d46c1f720c46067d60685d4",
                "sha256:88c89c3797834eec177a89ad528699c75b94e2ed08c00754141eae69c520b894",
                "sha256:958d57f7149b8fa4831785394f2a7ace93dbc2be6c49a1c07987a8972986474a",
                "sha256:9af9d30b1e484fd8591c9a7f322fd50b9192a2bce660be92385a01555af9968b",
                "sha256:9bb0cfe1b755a860435cd52047b2e3f4f7b0c3887e0c1bf98da7127948284a91",
                "sha256:a22a826b4047e839310514f4889c24e45a66ea222fca19ac0ae7b2f89bbb0281",
                "sha256:a43455233d534e9c0e8dabe827d451124874a6455b2afcbcd60b823241ea5843",
                "sha256:af8aee7e8e5cac1e4130f1184b3e03b6bb08264e4ba1696551791ed3f8fb824e",
                "sha256:b3b8d46b6447cdecba3ba100d47c62e78cdad58b00b2d6ba004d6bad318c8668",
                "sha256:b5d8874b7b215551f0ae9fa8aef3f2f52321a6460dc0141aaf9374709e6b0eb7",
                "sha256:c119b600e7c665e0713f09e25f9ee09733a98035688ecc1ec8fd168fa37a77f6",
                "sha256:c4088b391c04796c888ac751b5d387f6e8212b3515d4c53ba540c65a6efe4bda",
                "sha256:c82342cead930ca50235f59740ca238808f9c33ef31d994712972966beb6226e",
                "sha256:d6087f291fd68acdf0a833efb57bc0f192c98ae89b4377c690c28313e78d029c",
                "sha256:dfc17cba35d98e3d2ca20ab995f17eec3edba7138b062cbc1aa36d53d9d2d955",
                "sha256:e05a3b6bc82ef01821beaee98e86bd8de2ada06cb8781add9c40a3ae4a040383",
                "sha256:e6ba7bff9dfa37bf3b80a5b83b50eadf20afb1f0e8de4a0139019154086d6bed",
                "sha256:f62a402ca1a7126f749544c3d6493672d6330ffd37d59ba230bc73e5143b3bc2",
                "sha256:f85a27eb8a65c810161bb992116a66d328546f78a4a4c7c1868949651b917c08"
            ],
            "index": "pypi",
            "markers": "python_full_version >= '3.7.0'",
            "version": "==1.14.0"
        },
        "platformdirs": {
            "hashes": [
                "sha256:357fb2acbc885b0419afd3ce3ed34564c13c9b95c89360cd9563f73aa5e2b907",
                "sha256:73e575e1408ab8103900836b97580d5307456908a03e92031bab39e4554cc3fb"
            ],
            "markers": "python_version >= '3.8'",
            "version": "==4.3.6"
        },
        "pygments": {
            "hashes": [
                "sha256:786ff802f32e91311bff3889f6e9a86e81505fe99f2735bb6d60ae0c5004f199",
                "sha256:b8e6aca0523f3ab76fee51799c488e38782ac06eafcf95e7ba832985c8e7b13a"
            ],
            "markers": "python_version >= '3.8'",
            "version": "==2.18.0"
        },
        "rich": {
            "hashes": [
                "sha256:439594978a49a09530cff7ebc4b5c7103ef57baf48d5ea3184f21d9a2befa098",
                "sha256:6049d5e6ec054bf2779ab3358186963bac2ea89175919d699e378b99738c2a90"
            ],
            "markers": "python_full_version >= '3.8.0'",
            "version": "==13.9.4"
        },
        "textual": {
            "hashes": [
                "sha256:2a416995c49d5381a81d0a6fd23925cb0e3f14b4f239ed05f35fa3c981bb1df2",
                "sha256:9ccdeb6b8a6a0ff72d497f714934f2e524f2eb67783b459fb08b1339ee537dc0"
            ],
            "markers": "python_full_version >= '3.8.1' and python_full_version < '4.0.0'",
            "version": "==0.85.2"
        },
        "typing-extensions": {
            "hashes": [
                "sha256:04e5ca0351e0f3f85c6853954072df659d0d13fac324d0072316b67d7794700d",
                "sha256:1a7ead55c7e559dd4dee8856e3a88b41225abfe1ce8df57b7c13915fe121ffb8"
            ],
            "markers": "python_version >= '3.8'",
            "version": "==4.12.2"
        },
        "uc-micro-py": {
            "hashes": [
                "sha256:d321b92cff673ec58027c04015fcaa8bb1e005478643ff4a500882eaab88c48a",
                "sha256:db1dffff340817673d7b466ec86114a9dc0e9d4d9b5ba229d9d60e5c12600cd5"
            ],
            "markers": "python_version >= '3.7'",
            "version": "==1.0.3"
        }
    },
    "develop": {}
}
