{
    "_meta": {
        "hash": {
            "sha256": "795d3a692a598f45a8c6c23dcb109624527de951902b1825a1c42d0fe12f768c"
        },
        "pipfile-spec": 6,
        "requires": {
            "python_version": "3"
        },
        "sources": [
            {
                "name": "pypi",
                "url": "https://pypi.org/simple",
                "verify_ssl": true
            },
            {
                "name": "piwheels",
                "url": "https://www.piwheels.org/simple",
                "verify_ssl": true
            }
        ]
    },
    "default": {
        "codespell": {
            "hashes": [
                "sha256:587d45b14707fb8ce51339ba4cce50ae0e98ce228ef61f3c5e160e34f681be58",
                "sha256:b4c5b779f747dd481587aeecb5773301183f52b94b96ed51a28126d0482eec1d"
            ],
            "index": "pypi",
            "markers": "python_version >= '3.8'",
            "version": "==2.4.0"
        }
    },
    "develop": {}
}
