{
    "_meta": {
        "hash": {
            "sha256": "e2038e13cb7ed97a1fea772f615e03d01e1281183c2d47e7542fb4fd1d2298ec"
        },
        "pipfile-spec": 6,
        "requires": {
            "python_version": "3"
        },
        "sources": [
            {
                "name": "pypi",
                "url": "https://pypi.org/simple",
                "verify_ssl": true
            }
        ]
    },
    "default": {
        "mlx": {
            "hashes": [
                "sha256:138b0e7daf1f4014a184d8fc05df1f0a92a50fd99c9aeac8fef0b9bc31358cc1",
                "sha256:1fdafc0b247e22d324699245e2a339225265d3b6d12e669fe02402eb73f46216",
                "sha256:324de0673922309fe0ab3a230fa66a7d0ce4f4b9b2e9d273f2816adddc99e285",
                "sha256:59d233b12dc0c003d63883c73abbf40e29fe0a3176dd9d2095399c5f3688eb58",
                "sha256:67d192dbd0677ea365f3305592ddb449488f3486f4791a7ac2e76494bea668a5",
                "sha256:8f6c0754570a94be4a1b25ce10986665ed0b57ee8ad8f50bc713b4801264eb98",
                "sha256:b7bb2e7e996c27a5e6ad19bbfc336bde71e0d4df23b5673a35087b321dd05b3b",
                "sha256:bc9a387819fc214dc915b2fff9164346bf9c3aa90aabcc38dbf1c232329861f7",
                "sha256:c647a242a7880ad89215a118df2f7d97b554fa54e55cc1b90ef7506e593a83eb",
                "sha256:cb6e5fb85535c3438bcb16e616e3aa2ec47844fcadf67d85ee862b256369f185",
                "sha256:d07082c35e4196fdc17813f344a529dbc6c7210edb35aaa5833cf3509fecf183",
                "sha256:d13aa885d38a04d32f9818fffbceaa17555eb67fea02d16e53d2217ab4d8eb5d",
                "sha256:d6da7ab9e51fd780083a3003c96cdd538b465d2b1a16e2fd77217348c70dfb44",
                "sha256:db0caac2c9dd6fe0ae15448b4dcb40cd3bd28d6ad9f935e2c383eb1844af77a2",
                "sha256:f2ca5c2f60804bbb3968ee3e087ce4cf5789065f4c927f76b025b3f5f122a63a"
            ],
            "index": "pypi",
            "markers": "python_version >= '3.9'",
            "version": "==0.25.1"
        }
    },
    "develop": {}
}
