{
    "_meta": {
        "hash": {
            "sha256": "e2038e13cb7ed97a1fea772f615e03d01e1281183c2d47e7542fb4fd1d2298ec"
        },
        "pipfile-spec": 6,
        "requires": {
            "python_version": "3"
        },
        "sources": [
            {
                "name": "pypi",
                "url": "https://pypi.org/simple",
                "verify_ssl": true
            }
        ]
    },
    "default": {
        "mlx": {
            "hashes": [
                "sha256:023b90eaf54f65a7f118b7b81a5b5b6d5c8ceefa5ac009a0f6524355e4f1e6fb",
                "sha256:84903aa50954550ae2273a4c0e6f936c2e8c267450a5eb67b0c20528e64d7221",
                "sha256:849a8346883222c60ed8031548fbc258722e0e8e1922c0958ae0a230a789e6c5",
                "sha256:96bb83c07586e76990abd41c0d01502d986d88a7e63828a38c5a6f4808dbd923",
                "sha256:aa7b84dc1274a2577b51d7dec03fc65076eed8fd2d47140c77a22c8ad7e2c7de",
                "sha256:bf18f8c1b66a3c445bcd54504b8b29876ef10ff5e80df25cafafba99f6c159aa",
                "sha256:c594a49a4adb6fa243aa1ef5275ad142a62b0f4febfac1dd747a43390325c11d",
                "sha256:d0b4bee7278a3c358c60799ec4571f019e444ff9de8352c804724fd6caadabb9",
                "sha256:d67b4d818e8172a014c0b3bcee17b938105ec468583be06eb8ca76d89605ed11",
                "sha256:f0d16e0a2ca32f5144ef63072ee8c36827a23d2aa5341f02a8a5043f2ec472b4"
            ],
            "index": "pypi",
            "markers": "python_version >= '3.8'",
            "version": "==0.18.1"
        }
    },
    "develop": {}
}
