{
    "_meta": {
        "hash": {
            "sha256": "e2038e13cb7ed97a1fea772f615e03d01e1281183c2d47e7542fb4fd1d2298ec"
        },
        "pipfile-spec": 6,
        "requires": {
            "python_version": "3"
        },
        "sources": [
            {
                "name": "pypi",
                "url": "https://pypi.org/simple",
                "verify_ssl": true
            }
        ]
    },
    "default": {
        "mlx": {
            "hashes": [
                "sha256:225c876c9335127e3ddbd3feac926c5bb3cbfe5e6503535c80aecebc6d6d7859",
                "sha256:3ee6487231aa6f06f93a292bbedd4255f8c914fba05c6127318501f055fd025e",
                "sha256:4a5d97a8bde8eaab5d889262be0734234921d4e24c5ab309a74a2d676bb3fb6f",
                "sha256:67a5fc246bbde8fb11ca1523e5c6e8143c12efaa561b5820f45af359bf1c5669",
                "sha256:81dbdf11b48734ee046c2f12db3cb8ea77e2299d06c53a235d70935bcef9e101",
                "sha256:9507725ec550d4a3efcace1143d4333133820a84b0190fddd8dbe0a34cbab967",
                "sha256:a00fd1ba8a8215836b8ceb88d536e9105c351cddba77b0fffbf6567f2954cb16",
                "sha256:a4af06b05e548b444869affeceb367da65d5fde65d5d07b52da6289eeee0ff74",
                "sha256:c90495b605e59e0ae0e5ccbf16a35cae7bd42fca721c8a06efbb874a834e7e3a",
                "sha256:ecfdd587612f00c58fe618c5c8c49c9ab9de58f7cc533f38995177fa8ed1daaa"
            ],
            "index": "pypi",
            "markers": "python_version >= '3.9'",
            "version": "==0.24.2"
        }
    },
    "develop": {}
}
