version = 1
revision = 2
requires-python = ">=3.9"

[[package]]
name = "mlx"
version = "0.23.1"
source = { registry = "https://pypi.org/simple" }
wheels = [
    { url = "https://files.pythonhosted.org/packages/73/91/1edae12cc2939b319dcad08cccde1102721fe67bd6fdd2afdd2747779ee6/mlx-0.23.1-cp310-cp310-macosx_13_0_arm64.whl", hash = "sha256:73806a976327d95768976bfc76a52d4ceabfe832c96d7ce7c477a290b60be0bf", size = 27828808, upload-time = "2025-02-18T22:44:12.179Z" },
    { url = "https://files.pythonhosted.org/packages/35/bb/d6045bcb4c1eb1efd59b7bc9bc982a35d4b821eb6e5a664f5c2f1c7c37ec/mlx-0.23.1-cp310-cp310-macosx_14_0_arm64.whl", hash = "sha256:6d9acb9edce0861452059f39afa04defd86270c6ed5780319b2faf5b80ec7f6b", size = 27568453, upload-time = "2025-02-18T22:43:48.99Z" },
    { url = "https://files.pythonhosted.org/packages/8c/e8/bd1c62503285ec352e07ccf7b449d6dceeb8e7430cdb54b216505613a853/mlx-0.23.1-cp310-cp310-manylinux_2_31_x86_64.whl", hash = "sha256:71d9547e05ad0fef4106742338323de097352c7868bcc1c97ddf8269ae4fa5de", size = 13560016, upload-time = "2025-02-25T03:35:49.196Z" },
    { url = "https://files.pythonhosted.org/packages/8a/4e/1dc83aa19a46dfe76b65f28fdb389100b23d87e2c7af65a11e9a8bade497/mlx-0.23.1-cp311-cp311-macosx_13_0_arm64.whl", hash = "sha256:21f522730f5ff6294bb60b5edfa0402a2b479b27e5eb3af4c68a3e193bff0490", size = 27830227, upload-time = "2025-02-18T22:44:43.771Z" },
    { url = "https://files.pythonhosted.org/packages/5c/d2/314f0fed30623c49b488eb5502f8cd6bd89061290abfd3f132e2a394f4f0/mlx-0.23.1-cp311-cp311-macosx_14_0_arm64.whl", hash = "sha256:20b135ace1592225ffd5e20320afbd432f667aa3e7cf13d1eb5d3197f482f1da", size = 27569863, upload-time = "2025-02-18T22:44:10.29Z" },
    { url = "https://files.pythonhosted.org/packages/03/2b/dc21c82c555fb157e43a53ee2a2d0bcf103dd9eefe9ef2ed8634d86aca2c/mlx-0.23.1-cp311-cp311-manylinux_2_31_x86_64.whl", hash = "sha256:665b8e874df9d1dd0928094863439e9c5f1a4d83786655f31f40de1c3d1a150b", size = 13560127, upload-time = "2025-02-25T03:35:11.425Z" },
    { url = "https://files.pythonhosted.org/packages/e5/8e/4019b9cb5ffe4bf586d4a0dbc3acaf403adcb7f361a51d6a51091846f81d/mlx-0.23.1-cp312-cp312-macosx_13_0_arm64.whl", hash = "sha256:0ba63407787fe4b2bf8e6ca58b049bf912d31588185991d01a1dfbb4b1bdaced", size = 27827238, upload-time = "2025-02-18T22:44:39.278Z" },
    { url = "https://files.pythonhosted.org/packages/97/05/7b5f46911b154453f60f3176f28f239f950742e051c1e7786543bc1b0ad2/mlx-0.23.1-cp312-cp312-macosx_14_0_arm64.whl", hash = "sha256:a0a4893f4e272d6ea227bf3724285410eb9e1a6ece6488c83bbbec1502c2370b", size = 27566878, upload-time = "2025-02-18T22:43:52.062Z" },
    { url = "https://files.pythonhosted.org/packages/6d/2e/b69437f10a63a21117e37c23e2a5a012a820a624b01c0aa4c285060cc70d/mlx-0.23.1-cp312-cp312-manylinux_2_31_x86_64.whl", hash = "sha256:fab03334fa5e9c927ff244558117ac6809ee70fd6be11530f5d2ddda5d0190b3", size = 13551656, upload-time = "2025-02-25T03:35:22.604Z" },
    { url = "https://files.pythonhosted.org/packages/28/e4/26be6c113b903156176710d09e0ec0543b28d2aecb64a83647f213ce6e1a/mlx-0.23.1-cp313-cp313-macosx_13_0_arm64.whl", hash = "sha256:8138c079957c4942553e1a242a58c4990e317680909e364e024fb7b8d8a14ac7", size = 27827193, upload-time = "2025-02-18T22:44:39.699Z" },
    { url = "https://files.pythonhosted.org/packages/78/c5/dddea1d221450f9e0ff9bfa5ed8fea18d39b3f4283f649937db0fc3682ed/mlx-0.23.1-cp313-cp313-macosx_14_0_arm64.whl", hash = "sha256:9715ad4c59591109e7b716c9bcc9def3c945fa12e84c113236093c82e529989a", size = 27566830, upload-time = "2025-02-18T22:44:01.599Z" },
    { url = "https://files.pythonhosted.org/packages/7b/34/1662c60a7300cfe49b4b13316e3bd1db919e4df2e4887bd11ee786db57da/mlx-0.23.1-cp313-cp313-manylinux_2_31_x86_64.whl", hash = "sha256:2722216bf8c769209ddb83fe085a1dad83e6e7039ccfadf61b4cbab32ebfe201", size = 13551614, upload-time = "2025-02-25T03:36:05.622Z" },
    { url = "https://files.pythonhosted.org/packages/a4/90/ecf042f9cf37ddf49f3324ca437b6ba6f39011a269c69d34917a88449cef/mlx-0.23.1-cp39-cp39-macosx_13_0_arm64.whl", hash = "sha256:f275220e7ec84b5d91559abf7858ab479bc0aca3ae933887999557f2c67aec09", size = 27829133, upload-time = "2025-02-18T22:43:54.656Z" },
    { url = "https://files.pythonhosted.org/packages/98/ae/9cf229525bd2fcfe24f13d089cd97ea1313698f0602cdb408c5bc2901da4/mlx-0.23.1-cp39-cp39-macosx_14_0_arm64.whl", hash = "sha256:f95dce5d6586947111192dab3c94cbc2add016f685f29d23392a09fae1e7eb15", size = 27568777, upload-time = "2025-02-18T22:44:25.575Z" },
    { url = "https://files.pythonhosted.org/packages/22/25/e182c88dac331af5e6ca09d2f5e68675f61b2e3279d5f244428d2766e41f/mlx-0.23.1-cp39-cp39-manylinux_2_31_x86_64.whl", hash = "sha256:c31e8868a05ba5c8c191ec59b2d716aaffe12df81f793dc8bf6d404b0f6a0ca8", size = 13560471, upload-time = "2025-02-25T03:35:18.724Z" },
]

[[package]]
name = "mlx-project"
version = "1.0.0"
source = { editable = "." }
dependencies = [
    { name = "mlx" },
]

[package.metadata]
requires-dist = [{ name = "mlx" }]
