version = 1
revision = 3
requires-python = ">=3.13"

[options]
prerelease-mode = "allow"

[[package]]
name = "mlx"
version = "0.30.6"
source = { registry = "https://pypi.org/simple" }
dependencies = [
    { name = "mlx-metal", marker = "sys_platform == 'darwin'" },
]
wheels = [
    { url = "https://files.pythonhosted.org/packages/ae/5b/e460e144a34d5529e010056cccf50b538d56ed001473bc6b246018fd58cb/mlx-0.30.6-cp313-cp313-macosx_14_0_arm64.whl", hash = "sha256:ed86f8bffc174c2f259ca589ea25464c96cf69d1bb457074a2bf2ef53737e54f", size = 573515, upload-time = "2026-02-06T03:45:23.405Z" },
    { url = "https://files.pythonhosted.org/packages/60/25/69833fefb9a3fef30b56792b1bcd022496c4fea83e45411d289b77ef7546/mlx-0.30.6-cp313-cp313-macosx_15_0_arm64.whl", hash = "sha256:c52294958269e20f300639a17c1900ca8fc737d859ddda737f9811e94bd040e5", size = 573516, upload-time = "2026-02-06T03:45:24.618Z" },
    { url = "https://files.pythonhosted.org/packages/9c/6a/7e7fbeebc5cb51b6a5eba96b263a6298707bcbdc059f4b0b73e088bc3dea/mlx-0.30.6-cp313-cp313-macosx_26_0_arm64.whl", hash = "sha256:b5b6636f7c49a4d86d8ec82643b972f45a144a7a9f3a967b27b2e6e22cf71e6a", size = 573592, upload-time = "2026-02-06T03:45:25.928Z" },
    { url = "https://files.pythonhosted.org/packages/60/23/361dc7a5797634e4d7e9bdd6564c6b28f9b1246672632def2f91bf066b18/mlx-0.30.6-cp314-cp314-macosx_14_0_arm64.whl", hash = "sha256:78804a89dcff4a838f7c2da72392fe87a523e95122a3c840e53df019122aad45", size = 575028, upload-time = "2026-02-06T03:45:31.549Z" },
    { url = "https://files.pythonhosted.org/packages/a8/69/1854484d414171586814dfbe8def95f75c4ea2c7341ba13ba8ee675f7c62/mlx-0.30.6-cp314-cp314-macosx_15_0_arm64.whl", hash = "sha256:ec13584ab069665cc7ad34a05494d9291cd623aef6ae96be48875fc87cfc25d6", size = 575026, upload-time = "2026-02-06T03:45:33.072Z" },
    { url = "https://files.pythonhosted.org/packages/6b/b8/3adbc441924209a7e4c568308b2a0b54bd09aee6a68db5bae85304791e54/mlx-0.30.6-cp314-cp314-macosx_26_0_arm64.whl", hash = "sha256:b2c5e8a090a753ef99a1380a4d059c983083f36198864f6df9faaf1223d083df", size = 575041, upload-time = "2026-02-06T03:45:34.814Z" },
]

[[package]]
name = "mlx-metal"
version = "0.30.6"
source = { registry = "https://pypi.org/simple" }
wheels = [
    { url = "https://files.pythonhosted.org/packages/f3/85/44406b521f920248fad621334d4dc15e77660a494edf890e7cbee33bf38d/mlx_metal-0.30.6-py3-none-macosx_14_0_arm64.whl", hash = "sha256:ea6d0c973def9a5b4f652cc77036237db3f88c9d0af63701d76b5fddde99b820", size = 38437818, upload-time = "2026-02-06T03:44:56.19Z" },
    { url = "https://files.pythonhosted.org/packages/d0/cb/10a516995f7d0c154b0d7e633c54b51e96977a86a355105b6474cfcbe0d0/mlx_metal-0.30.6-py3-none-macosx_15_0_arm64.whl", hash = "sha256:0f8cb94634d07e06a372d6ad9a090f38a18bab1ff19a140aede60eacf707bb94", size = 38433701, upload-time = "2026-02-06T03:44:59.678Z" },
    { url = "https://files.pythonhosted.org/packages/4c/7d/70cb272f7373c334709f210ed8420511fc9d64d05a7a646c0b3b94c29c04/mlx_metal-0.30.6-py3-none-macosx_26_0_arm64.whl", hash = "sha256:d761ae26304f2c4b454eeea7f612a56919d9e5e57dbb1dc0788f8e34aa6f41c2", size = 47718448, upload-time = "2026-02-06T03:45:03.133Z" },
]

[[package]]
name = "mlx-project"
version = "0.25.2"
source = { editable = "." }
dependencies = [
    { name = "mlx", marker = "sys_platform == 'darwin'" },
]

[package.metadata]
requires-dist = [{ name = "mlx", marker = "sys_platform == 'darwin'" }]
