version = 1
revision = 3
requires-python = ">=3.13"

[[package]]
name = "mlx"
version = "0.31.1"
source = { registry = "https://pypi.org/simple" }
dependencies = [
    { name = "mlx-metal", marker = "sys_platform == 'darwin'" },
]
wheels = [
    { url = "https://files.pythonhosted.org/packages/44/45/04465da443634b23fb11670bbd2f7538b1ed43ffc5e0de44a95b3c29e9c1/mlx-0.31.1-cp313-cp313-macosx_14_0_arm64.whl", hash = "sha256:9a6d3410fc951bd28508fed9c1ab5d9903f6f6bb101c3a5d63d4191d49a384a1", size = 574268, upload-time = "2026-03-12T02:16:17.27Z" },
    { url = "https://files.pythonhosted.org/packages/85/7b/84956960356ff36e8c1bbed68fac96709e98e6a1adbc8e3d0ff71022d84e/mlx-0.31.1-cp313-cp313-macosx_15_0_arm64.whl", hash = "sha256:20bd7ba19882603ac22711092d0e799f1ff7b5183c2c641d417dab4d2423d99e", size = 574265, upload-time = "2026-03-12T02:16:18.479Z" },
    { url = "https://files.pythonhosted.org/packages/86/01/d6f0ef5b8c0b390af08246d1301e9717dfb076b3920012b53105a888ed8c/mlx-0.31.1-cp313-cp313-macosx_26_0_arm64.whl", hash = "sha256:4c4565d6f4f8ce295613ee342d313ee5ab0b0eab9a6272954450f8343f7876bc", size = 574172, upload-time = "2026-03-12T02:16:19.898Z" },
    { url = "https://files.pythonhosted.org/packages/99/65/208f511acd5fb1ed0b08f047bd6229583845cc6f4b5aa6547a3219332dbb/mlx-0.31.1-cp314-cp314-macosx_14_0_arm64.whl", hash = "sha256:bba9d471ba20e050676292b1089a355c8042d3fc9462e4c1738a9735d7d40cfa", size = 576300, upload-time = "2026-03-12T02:16:24.545Z" },
    { url = "https://files.pythonhosted.org/packages/98/58/2d925cb3fa3cd28d279ed6f44508ab7fbbf7359b17359914aa3652a7d734/mlx-0.31.1-cp314-cp314-macosx_15_0_arm64.whl", hash = "sha256:d90b0529b22553eb1353b113b7233aa391ca55e24b1ba69024c732fcc21c5c49", size = 576303, upload-time = "2026-03-12T02:16:26.283Z" },
    { url = "https://files.pythonhosted.org/packages/e1/17/abec0bd0f9347dae13e60b33325cb199312798842901953495e19f3bb3c8/mlx-0.31.1-cp314-cp314-macosx_26_0_arm64.whl", hash = "sha256:69bc88b41ddd61b44cd6a4d417790f9971ba3fdf58d824934cea95a95b9b4031", size = 576275, upload-time = "2026-03-12T02:16:27.57Z" },
]

[[package]]
name = "mlx-metal"
version = "0.31.1"
source = { registry = "https://pypi.org/simple" }
wheels = [
    { url = "https://files.pythonhosted.org/packages/39/66/2313497fdbc7fbadf8e026c09366e3f049f9114e65ca4edc23cdb8699186/mlx_metal-0.31.1-py3-none-macosx_14_0_arm64.whl", hash = "sha256:70741174131dbf7fdd479cb730e06e08c358eac3bf7905d9e884e7960cfdd5b8", size = 38624074, upload-time = "2026-03-12T02:15:48.036Z" },
    { url = "https://files.pythonhosted.org/packages/c7/34/4c3c6890ce6095b2ab2ba2f5f15c9a7ba17208d47f8cacb572885a2dc0eb/mlx_metal-0.31.1-py3-none-macosx_15_0_arm64.whl", hash = "sha256:6c56bd8cd27743e635f5a90a22535af7c31bd22b4b126d46b6da2da52d72e413", size = 38618950, upload-time = "2026-03-12T02:15:51.908Z" },
    { url = "https://files.pythonhosted.org/packages/51/bc/987cb99e3aafb296aa11ce5133838a10eae8447edd53168d0804d4fb3a14/mlx_metal-0.31.1-py3-none-macosx_26_0_arm64.whl", hash = "sha256:e7324b7c56b519ae67c025d3ced07e5d35bc3a9f19d4c45fe4927f385148c59e", size = 49256543, upload-time = "2026-03-12T02:15:54.851Z" },
]

[[package]]
name = "mlx-project"
version = "0.25.2"
source = { editable = "." }
dependencies = [
    { name = "mlx", marker = "sys_platform == 'darwin'" },
]

[package.metadata]
requires-dist = [{ name = "mlx", marker = "sys_platform == 'darwin'" }]
