{
    "_meta": {
        "hash": {
            "sha256": "21a186e6631e969c62909108eb83afcfc2f8ea8325e3e70a1808e87d35c6aa87"
        },
        "pipfile-spec": 6,
        "requires": {
            "python_version": "3"
        },
        "sources": [
            {
                "name": "pypi",
                "url": "https://pypi.org/simple",
                "verify_ssl": true
            },
            {
                "name": "piwheels",
                "url": "https://www.piwheels.org/simple",
                "verify_ssl": true
            }
        ]
    },
    "default": {
        "ruff": {
            "hashes": [
                "sha256:0562f9846b8330ef99b07127b9223943d12135b143f1695659bbaa6b8ad2180c",
                "sha256:0820929df7f0a1ace749ebaedc412659f558bc31fa0f187e48a2d566535477e0",
                "sha256:0db9995e8973f964ca5d2199775e81b05cc5d78b957d30866b715fc4318ff0df",
                "sha256:2d74594bbdc4abe6b523e1998183dcdea17e0d3f22082abde8074a8c9b1a94d9",
                "sha256:61609eacb860ae3c2fe603c85c0cbbf2f5f5da5865271441fd672cba5d995880",
                "sha256:6671c90894e9ba2c85372557a588baa44f1abe9ffc95791c0c3071cb904dab43",
                "sha256:71994cf0b98856f956ff9fbf32e06e642e3de91ce324504b7a5bd381e1944efa",
                "sha256:7c3bdea51a4e778f37c40fec4a92a442e928b3126314617ccdc6a69dc48c8e46",
                "sha256:8d8e685efed68405cc0b07d789abd5b02a7ccbf6f1998a3a55655aeaeb0f9cf4",
                "sha256:94fc0f7a95558d3306df745648d64b27807a0fc2032893a8d87d52ce3954bf0b",
                "sha256:97b1896b6c33f9abb8284bebc92d117a3db98cb4f939e18ae6ead1fc126f213a",
                "sha256:ab13793b9c423873e72de99d985780cd9dbe91e9cf742b3c40b40c3470bcf4b7",
                "sha256:c0ccbbb363aaf4e8cbdee1f928f0fdaed0ccac2a4f2e472bb7af17f071480437",
                "sha256:ccc60939eee82a698eed442f7b4d59c7f0702ee240e3d6c67c4f434c96329585",
                "sha256:d440ad091cd43b9b8adfb3802844b4691b5c9c3a29febfc17e7b779105ccdd91",
                "sha256:ee49ed7f7fc9daeb0e10bca3e9801efdda60bbf425f7856f2ac2f7207168d569",
                "sha256:f786571ac9d2f3db0393ee453d5d586de4ee5e911c53c7514032c45fd5e50d1d"
            ],
            "index": "pypi",
            "markers": "python_version >= '3.7'",
            "version": "==0.1.10"
        }
    },
    "develop": {}
}
