{
    "_meta": {
        "hash": {
            "sha256": "21a186e6631e969c62909108eb83afcfc2f8ea8325e3e70a1808e87d35c6aa87"
        },
        "pipfile-spec": 6,
        "requires": {
            "python_version": "3"
        },
        "sources": [
            {
                "name": "pypi",
                "url": "https://pypi.org/simple",
                "verify_ssl": true
            },
            {
                "name": "piwheels",
                "url": "https://www.piwheels.org/simple",
                "verify_ssl": true
            }
        ]
    },
    "default": {
        "ruff": {
            "hashes": [
                "sha256:03bfe9ab5bdc0b08470c3b261643ad54ea86edc32b64d1e080892d7953add3ad",
                "sha256:05fbd2cb404775d6cd7f2ff49504e2d20e13ef95fa203bd1ab22413af70d420b",
                "sha256:08058d077e21b856d32ebf483443390e29dc44d927608dc8f092ff6776519da9",
                "sha256:2a3eb4f1841771fa5b67a56be9c2d16fd3cc88e378bd86aaeaec2f7e6bcdd0a2",
                "sha256:642cbff6cbfa38d2566d8db086508d6f472edb136cbfcc4ea65997745368c29e",
                "sha256:76bb5a87fd397520b91a83eae8a2f7985236d42dd9459f09eef58e7f5c1d8316",
                "sha256:7704582a026fa02cca83efd76671a98ee6eb412c4230209efe5e2a006c06db62",
                "sha256:77d49484429ed7c7e6e2e75a753f153b7b58f875bdb4158ad85af166a1ec1822",
                "sha256:96066c4328a49fce2dd40e80f7117987369feec30ab771516cf95f1cc2db923c",
                "sha256:a8cfc7a26422c78e94f1ec78ec02501bbad2df5834907e75afe474cc6b83a8c1",
                "sha256:b12424d9db7347fa63c5ed9af010003338c63c629fb9c9c6adb2aa4f5699729b",
                "sha256:b8d72c5684bbd4ed304a9a955ee2e67f57b35f6193222ade910cca8a805490e3",
                "sha256:bc697ec874fdd7c7ba0a85ec76ab38f8595224868d67f097c5ffc21136e72fcd",
                "sha256:cbaec2ddf4f78e5e9ecf5456ea0f496991358a1d883862ed0b9e947e2b6aea93",
                "sha256:cf4bc751240b2fab5d19254571bcacb315c7b0b00bf3c912d52226a82bbec073",
                "sha256:d2fc2cdb85ccac1e816cc9d5d8cedefd93661bd957756d902543af32a6b04a71",
                "sha256:e791d34d3557a3819b3704bc1f087293c821083fa206812842fa363f6018a192",
                "sha256:eafc45dd8bdc37a00b28e68cc038daf3ca8c233d73fea276dcd09defb1352841"
            ],
            "index": "pypi",
            "markers": "python_version >= '3.7'",
            "version": "==0.5.3"
        }
    },
    "develop": {}
}
