{
    "_meta": {
        "hash": {
            "sha256": "9e345eb63d542c7cffc15e84b36737c1d4cd2327176d8621e4425df7fb47ea2c"
        },
        "pipfile-spec": 6,
        "requires": {
            "python_version": "3"
        },
        "sources": [
            {
                "name": "pypi",
                "url": "https://pypi.org/simple",
                "verify_ssl": true
            },
            {
                "name": "piwheels",
                "url": "https://www.piwheels.org/simple",
                "verify_ssl": true
            }
        ]
    },
    "default": {
        "uv": {
            "hashes": [
                "sha256:08912a73d588e7a085591e6d7a3f3f8b10544d6953d74bbd1dd8f2d15b5deefd",
                "sha256:134fcac7d432897019d4d2917c0e3b77466f0625c1b5008704eb8dd89eb4bac4",
                "sha256:15ed759d6b79f0bbcc1c99733baea0af71a4499f0d81b3bf96304dafb42846f9",
                "sha256:26d1759d48e1905ad64b2b63c0b0605125d5b0ae1ad0b29cedaf921094856763",
                "sha256:47f93ab14c081f69096b1a1f0b4ee3491d048b0fa14a9340526762c1234622d2",
                "sha256:54d792b2fd0d00ba6d12d08909d8231fb65b9cbbfdac4d9ef84606fbab9f086d",
                "sha256:5c6c2f5fa1e38a49cfc067d42eb6559892cbb9aa921eccaaf7b2322ed2f797a6",
                "sha256:66e535ba478e2843d46ecf00586a587a163e1fba82c4de55e9b2c5942145d859",
                "sha256:842d3908b47e004c8550d2ec5af8e4cf102372af06e0b445d701c09e889b999f",
                "sha256:95f3f72a4a5c495d5be6d74bb7ee3e1c54805c1c4326361bd4ce9324ba311e55",
                "sha256:b1c5aa5643723d300e7df99bd1a4a79d51b7d11b669b294a9c57673ece68f5a0",
                "sha256:b28e739b588119858c5d387de6c400a0e52f6cc506a097e0105eff5f4688a6b0",
                "sha256:b3b097b94d971911a653f3c89804a426f36e6cc9e1d64f5401ed9aaf945683ad",
                "sha256:f1d0fe0244244e96f4f89f6314796b8f287580c5bfa7d606f9406f27e1c44de9",
                "sha256:f3102aaeb1a2a9ca306e56ac445825bba3c20529763bd96c1d63759225cc5d92",
                "sha256:f3fa616aac5d4eec6a87341e1c72ec2d065dc819a1479219bb08b7eb95268ddd",
                "sha256:f7b49d499c09bb25626b65e673dea2771369c9c87001a693a57487e280c06ca0"
            ],
            "index": "pypi",
            "markers": "python_version >= '3.8'",
            "version": "==0.1.37"
        }
    },
    "develop": {}
}
