{
    "_meta": {
        "hash": {
            "sha256": "9e345eb63d542c7cffc15e84b36737c1d4cd2327176d8621e4425df7fb47ea2c"
        },
        "pipfile-spec": 6,
        "requires": {
            "python_version": "3"
        },
        "sources": [
            {
                "name": "pypi",
                "url": "https://pypi.org/simple",
                "verify_ssl": true
            },
            {
                "name": "piwheels",
                "url": "https://www.piwheels.org/simple",
                "verify_ssl": true
            }
        ]
    },
    "default": {
        "uv": {
            "hashes": [
                "sha256:01da14a67b51919e6f393a4035941517a9d23c9b0d8d16a2ac1169bcbdecf635",
                "sha256:0420808f950815746e4e2769cd7156e81cf4b451c930dd8e027217569ae6ce82",
                "sha256:1e1962c9c57b602a4b81d59f20c97065cb10a16a08a4c3021f7ca82a04abb2b5",
                "sha256:393d73afa9e132952490613a75e8d03b6df232d03164979d067f2edb806893ae",
                "sha256:4afebb80747adc575eb3a71dc306e57398a1099fa9b22b98d6a8de29662e1799",
                "sha256:5fd0549d51b36586d0a54e47053a17476e22376e0d91b07a0bb9f33c40a243bd",
                "sha256:6004461241772ee0061b1edf825c82df87e2b74ed304b61f1b0156764c4b6e6e",
                "sha256:7c338c4b31c6d40b9cefdfaede32b85eb59ede287283a5d189163dad807b096d",
                "sha256:872b1998d83f0ccb7ea01e15e025b31a7bcb3e422515949a4fd1824ceac8270a",
                "sha256:abf035849208d1353dd6e106b85f06470dbdb3583bebf8b06f02192c577449b0",
                "sha256:be28251211b595952cfc0263ec2f5b0089a0c85264fb7fd7ee4d9940075bbf91",
                "sha256:dc13d7198848aedb28336d9b5426308ee210bb6fce13f3d7dff2fc48f4f2eb8d",
                "sha256:df498575c2bcc8f75683a1bbb77a81618097740479b21dd3d8d1556f86e31cef",
                "sha256:e1ec2f78c0d62924b5c970c28a85e57a53cefe4a998d887de91f447ef00cc8ef",
                "sha256:e334aa7153226ba5d520c1974d1f0f1622a8d6311566750ce68a46ba4ef375fc",
                "sha256:ed0b7b5b25108b857f0aeabaf57502724d34c83851d292d4fabda6fbf9e177b6"
            ],
            "index": "pypi",
            "markers": "python_version >= '3.8'",
            "version": "==0.1.11"
        }
    },
    "develop": {}
}
