{
    "_meta": {
        "hash": {
            "sha256": "9e345eb63d542c7cffc15e84b36737c1d4cd2327176d8621e4425df7fb47ea2c"
        },
        "pipfile-spec": 6,
        "requires": {
            "python_version": "3"
        },
        "sources": [
            {
                "name": "pypi",
                "url": "https://pypi.org/simple",
                "verify_ssl": true
            },
            {
                "name": "piwheels",
                "url": "https://www.piwheels.org/simple",
                "verify_ssl": true
            }
        ]
    },
    "default": {
        "uv": {
            "hashes": [
                "sha256:03242a734a572733f2b9a5dbb94517e918fe26fc01114b7c51d12296dfbb8f8b",
                "sha256:067af2d986329db4fa3c7373017d49f0e16ddff23e483b7e5bc3a5a18ce08ea6",
                "sha256:0937ad16ae0e0b6bb6dd3c386f8fb33141ad08d1762eaacffb4d2b27fb466a17",
                "sha256:0e1d64ac437b0a14fbcec55b1c3f162fa24860711e0d855fcd9c672b149a122a",
                "sha256:1be7aa46936c0351ccb1400ea95e5381b3f05fef772fa3b9f23af728cc175dea",
                "sha256:309e73a3ec3a5a536a3efaf434270fc94b483069f1425765165c1c9d786c27fd",
                "sha256:4251f9771d392d7badc1e5fb934b397b12ca00fef9d955207ade169cc1f7e872",
                "sha256:43772e7589f70e954b1ae29230e575ef9e4d8d769138a94dfa5ae7eaf1e26ac5",
                "sha256:4a6024256d38b77151e32876be9fcb99cf75df7a86b26e0161cc202bed558adf",
                "sha256:5a98d6aacd4b57b7e00daf154919e7c9206fefdf40bd28cfb13efe0e0324d491",
                "sha256:8de6dbd8f348ee90af044f4cc7b6650521d25ba2d20a813c1e157a3f90069dd9",
                "sha256:9133e24db9bdd4f412eab69586d03294419825432a9a27ee1b510a4c01eb7b0b",
                "sha256:92f65b6e4e5c8126501785af3629dc537d7c82caa56ac9336a86929c73d0e138",
                "sha256:afd85029923e712b6b2c45ddc1680c785392220876c766521e45778db3f71f8e",
                "sha256:b0b15e51a0f8240969bc412ed0dd60cfe3f664b30173139ef263d71c596d631f",
                "sha256:ea44c07605d1359a7d82bf42706dd86d341f15f4ca2e1f36e51626a7111c2ad5",
                "sha256:f87c9711493c53d32012a96b49c4d53aabdf7ed666cbf2c3fb55dd402a6b31a8"
            ],
            "index": "pypi",
            "markers": "python_version >= '3.8'",
            "version": "==0.1.38"
        }
    },
    "develop": {}
}
