version = 1
revision = 3
requires-python = ">=3.13"

[[package]]
name = "uv"
version = "0.12.18"
source = { registry = "https://pypi.org/simple" }
sdist = { url = "https://files.pythonhosted.org/packages/b9/5c/f1adb285f759e8ce6ea397ecf45372c20c32588a9834cfeb1125cd0536b6/uv-0.12.18.tar.gz", hash = "sha256:0a8fa0c6408c1bedf8a19219b471d6c14ae98695940b20269fcb7514a136cfa4", size = 7094303, upload-time = "2026-09-22T22:59:00.862Z" }
wheels = [
    { url = "https://files.pythonhosted.org/packages/0d/15/c4307b7ac5c82517cc0982e0a4e54ffd1f53b50e18b7e66a24ed92de1a71/uv-0.12.18-py3-none-linux_armv6l.whl", hash = "sha256:98a8a4786db518b4d708eacc96aadfc0626072d5873c708bcab8239e6453176d", size = 22601778, upload-time = "2026-09-22T22:58:15.871Z" },
    { url = "https://files.pythonhosted.org/packages/c1/5d/a00b39652484c4d0a25532f15b701e0959d15803608b9cc35c336d2cf243/uv-0.12.18-py3-none-macosx_10_12_x86_64.whl", hash = "sha256:799dcef1ef97ab6491b34f5827e2da8dd9153d65be056c779b60a2d4d3d6c45b", size = 20963625, upload-time = "2026-09-22T22:58:19.189Z" },
    { url = "https://files.pythonhosted.org/packages/4b/40/b08c15b1f886c90739241f121b0d9f786ffecc2a682b1e75f29cfb377a7e/uv-0.12.18-py3-none-macosx_11_0_arm64.whl", hash = "sha256:9aa0ef69c7cb2aff485a0e9ce46feeb7b6dbeef3d796ffd04b944cf355ba8334", size = 17080512, upload-time = "2026-09-22T22:58:21.435Z" },
    { url = "https://files.pythonhosted.org/packages/8d/ee/c8cee0e2531221b5ad1542b5f25cff446f5f605980b88ce6627d81decdac/uv-0.12.18-py3-none-manylinux_2_17_aarch64.manylinux2014_aarch64.musllinux_1_1_aarch64.whl", hash = "sha256:77b71bc25d274a04594d32167b0f766fb5b6805980c3aed02872c468e1905e7e", size = 22080274, upload-time = "2026-09-22T22:58:24.134Z" },
    { url = "https://files.pythonhosted.org/packages/38/71/c2b5f826432e5ce44fef6112172130c6527fd73934e2b0c4410b96b6a803/uv-0.12.18-py3-none-manylinux_2_17_armv7l.manylinux2014_armv7l.musllinux_1_1_armv7l.whl", hash = "sha256:145f17e2b7f165da9bd4dd14c4c2525d5b1647cb8daadb684106babedbc502ff", size = 22088832, upload-time = "2026-09-22T22:58:26.399Z" },
    { url = "https://files.pythonhosted.org/packages/83/88/5196295fcde0933d0de2b148484c6e09257e7fd3b9f6dea8377af651c3d6/uv-0.12.18-py3-none-manylinux_2_17_armv7l.manylinux2014_armv7l.whl", hash = "sha256:b656468f973ac363ac96b0b6b9bf9c5f5836cd84b664d0ca67b67bb8e35f9bcf", size = 22125303, upload-time = "2026-09-22T22:58:28.93Z" },
    { url = "https://files.pythonhosted.org/packages/a2/ab/2d2d2fd766c936f7740c5c15c075c8754ea2c4a7258d2153a5839ede550a/uv-0.12.18-py3-none-manylinux_2_17_i686.manylinux2014_i686.whl", hash = "sha256:99c64f9f3eea3eb3fd496c29da47462824da0e47775b3b39d444d9832c815549", size = 22784284, upload-time = "2026-09-22T22:58:31.611Z" },
    { url = "https://files.pythonhosted.org/packages/9e/d8/a9c3e16fc069b27cc91a56ab3cc005322dbb04eec27cd825df74566baf73/uv-0.12.18-py3-none-manylinux_2_17_ppc64le.manylinux2014_ppc64le.whl", hash = "sha256:d5037ec17654c756fc9841270f413c5fc9ecef89108b443f5dd34600a3ccdb19", size = 24206420, upload-time = "2026-09-22T22:58:34.309Z" },
    { url = "https://files.pythonhosted.org/packages/e1/51/df04dac9d701d39d265ffc5bd48667808e6adc22bb9ab7b15224e9348a05/uv-0.12.18-py3-none-manylinux_2_17_s390x.manylinux2014_s390x.whl", hash = "sha256:9c237410b6b193e691c7c37752fd7f3cfebd9b5d5331c53e748f004c6397334f", size = 23951572, upload-time = "2026-09-22T22:58:36.72Z" },
    { url = "https://files.pythonhosted.org/packages/67/67/def11543e7bd3b4219ca29afd66f3accab641324bd2e426cb788083c56c5/uv-0.12.18-py3-none-manylinux_2_17_x86_64.manylinux2014_x86_64.whl", hash = "sha256:fbe0489871e74ebfb70379a32526c62b9fb615acf13576b9f19bc09a142f62b0", size = 20450568, upload-time = "2026-09-22T22:58:39.162Z" },
    { url = "https://files.pythonhosted.org/packages/20/6c/b1f6c714dd960bd6ed57f522051af278a6f811a71a5c1598d141164f7ec7/uv-0.12.18-py3-none-manylinux_2_28_aarch64.whl", hash = "sha256:328abf19b5992b4846f96d1d4440cdd9e0b7d20c0f00b0644e68ca8cfb561c26", size = 19866961, upload-time = "2026-09-22T22:58:41.808Z" },
    { url = "https://files.pythonhosted.org/packages/cd/cf/26fc7ed52059975ab572da0299cd991cca8a3790dbbf4f5fb6d4277ddc23/uv-0.12.18-py3-none-manylinux_2_31_riscv64.musllinux_1_1_riscv64.whl", hash = "sha256:9c77a4de02c2b7737f6d4eb5fcd359bc0f0948f2a4133f8095c527addb84fc56", size = 22946695, upload-time = "2026-09-22T22:58:44.622Z" },
    { url = "https://files.pythonhosted.org/packages/4d/61/005ce467de35b130014dc5c93a0e546a7f8c8d2ca783c6724fe00bc510a9/uv-0.12.18-py3-none-manylinux_2_31_riscv64.whl", hash = "sha256:e7ab1387b222ab640dbd057b95548a199e4c621aa35e9f6a32c0516c76e7637d", size = 23075146, upload-time = "2026-09-22T22:58:46.908Z" },
    { url = "https://files.pythonhosted.org/packages/ac/35/00bc752a8b7e92721fd7773368178ef63c2bdad396c5189603db64414ccd/uv-0.12.18-py3-none-musllinux_1_1_i686.whl", hash = "sha256:03da66a73d0ac01fb7a95d096aebf5993b51ec65df620d57f415e111e6789c88", size = 21920505, upload-time = "2026-09-22T22:58:49.164Z" },
    { url = "https://files.pythonhosted.org/packages/f7/e0/48c2918c384fdc4195dacc70736771515b30e77180a75ec49fa39bd9d16d/uv-0.12.18-py3-none-musllinux_1_1_x86_64.whl", hash = "sha256:53a035e48cbe94ca47ee304b293060b690d0ac03140a64ff3ff4713eabcede99", size = 23351251, upload-time = "2026-09-22T22:58:51.485Z" },
    { url = "https://files.pythonhosted.org/packages/58/f2/c177f74568713f23ff97746bc300f109560013033ebd21b7e70ccc533040/uv-0.12.18-py3-none-win32.whl", hash = "sha256:cbbfcca37cf678b5135f61f722631a2a85e2eddc459ba64692054011f160f6c2", size = 19981835, upload-time = "2026-09-22T22:58:53.694Z" },
    { url = "https://files.pythonhosted.org/packages/86/b3/5f33b9bad8cb875ed547ef8aa403d423a2610f23f619f687308761dd02e1/uv-0.12.18-py3-none-win_amd64.whl", hash = "sha256:0a3c4e415515bd4c24c7516523d9042a2957ce716423e193f8b2be9fb8773340", size = 17986064, upload-time = "2026-09-22T22:58:56.301Z" },
    { url = "https://files.pythonhosted.org/packages/fc/f2/178a7353ba2426a275dc6815a276628ef00912a972d71666ca7f6bb93bb9/uv-0.12.18-py3-none-win_arm64.whl", hash = "sha256:4f9769cf34558a026ff9b8e04cdf9d25c16fe3d61f35956daf6548f2b0379ff0", size = 19304755, upload-time = "2026-09-22T22:58:58.512Z" },
]

[[package]]
name = "uv-project"
source = { editable = "." }
dependencies = [
    { name = "uv" },
]

[package.metadata]
requires-dist = [{ name = "uv" }]
