{
    "_meta": {
        "hash": {
            "sha256": "e8ee6f2171320275d875f757f208e65a56cd7ab94426c49b4456cedcfc1f37c2"
        },
        "pipfile-spec": 6,
        "requires": {
            "python_version": "3"
        },
        "sources": [
            {
                "name": "pypi",
                "url": "https://pypi.org/simple",
                "verify_ssl": true
            },
            {
                "name": "piwheels",
                "url": "https://www.piwheels.org/simple",
                "verify_ssl": true
            }
        ]
    },
    "default": {
        "autoflake": {
            "hashes": [
                "sha256:75524b48d42d6537041d91f17573b8a98cb645642f9f05c7fcc68de10b1cade3",
                "sha256:94e330a2bcf5ac01384fb2bf98bea60c6383eaa59ea62be486e376622deba985"
            ],
            "index": "pypi",
            "version": "==2.1.1"
        },
        "pyflakes": {
            "hashes": [
                "sha256:ec55bf7fe21fff7f1ad2f7da62363d749e2a470500eab1b555334b67aa1ef8cf",
                "sha256:ec8b276a6b60bd80defed25add7e439881c19e64850afd9b346283d4165fd0fd"
            ],
            "markers": "python_version >= '3.6'",
            "version": "==3.0.1"
        }
    },
    "develop": {}
}
