{
    "_meta": {
        "hash": {
            "sha256": "e8ee6f2171320275d875f757f208e65a56cd7ab94426c49b4456cedcfc1f37c2"
        },
        "pipfile-spec": 6,
        "requires": {
            "python_version": "3"
        },
        "sources": [
            {
                "name": "pypi",
                "url": "https://pypi.org/simple",
                "verify_ssl": true
            },
            {
                "name": "piwheels",
                "url": "https://www.piwheels.org/simple",
                "verify_ssl": true
            }
        ]
    },
    "default": {
        "autoflake": {
            "hashes": [
                "sha256:3ae7495db9084b7b32818b4140e6dc4fc280b712fb414f5b8fe57b0a8e85a840",
                "sha256:c98b75dc5b0a86459c4f01a1d32ac7eb4338ec4317a4469515ff1e687ecd909e"
            ],
            "index": "pypi",
            "markers": "python_version >= '3.8'",
            "version": "==2.3.1"
        },
        "pyflakes": {
            "hashes": [
                "sha256:8752eee11d4ef3a4be642d774863047864b47406cba906fabf8dd892cf98d5b3",
                "sha256:af4d63344d478524956e9950a9ae11da51414622479b8c148647fe9722e96837"
            ],
            "markers": "python_version >= '3.9'",
            "version": "==3.3.1"
        }
    },
    "develop": {}
}
