{
    "_meta": {
        "hash": {
            "sha256": "0acd201dfb553b565eb83fee717f4062b8accfb7111b52b1f388b0e468739812"
        },
        "pipfile-spec": 6,
        "requires": {
            "python_version": "3"
        },
        "sources": [
            {
                "name": "pypi",
                "url": "https://pypi.org/simple",
                "verify_ssl": true
            },
            {
                "name": "piwheels",
                "url": "https://www.piwheels.org/simple",
                "verify_ssl": true
            }
        ]
    },
    "default": {
        "async-timeout": {
            "hashes": [
                "sha256:4640d96be84d82d02ed59ea2b7105a0f7b33abe8703703cd0ab0bf87c427522f",
                "sha256:7405140ff1230c310e51dc27b3145b9092d659ce68ff733fb0cefe3ee42be028"
            ],
            "markers": "python_version >= '3.7'",
            "version": "==4.0.3"
        },
        "bleak": {
            "hashes": [
                "sha256:ccdba0d17dcceb1326e4e46600b37e9019cd52ce01948e2a3dbd6c94d1e4de01",
                "sha256:cce5200ca9bac7daaa74dd009c867c8c2b161a124e234c74307462e86caf50e6"
            ],
            "index": "pypi",
            "markers": "python_version >= '3.7' and python_version < '4.0'",
            "version": "==0.19.0"
        },
        "certifi": {
            "hashes": [
                "sha256:539cc1d13202e33ca466e88b2807e29f4c13049d6d87031a3c110744495cb082",
                "sha256:92d6037539857d8206b8f6ae472e8b77db8058fec5937a1ef3f54304089edbb9"
            ],
            "markers": "python_version >= '3.6'",
            "version": "==2023.7.22"
        },
        "charset-normalizer": {
            "hashes": [
                "sha256:5a3d016c7c547f69d6f81fb0db9449ce888b418b5b9952cc5e6e66843e9dd845",
                "sha256:83e9a75d1911279afd89352c68b45348559d1fc0506b054b346651b5e7fee29f"
            ],
            "markers": "python_full_version >= '3.6.0'",
            "version": "==2.1.1"
        },
        "dbus-fast": {
            "hashes": [
                "sha256:12fb7b7de3b9f3eea105b0a3940eeadbaf5c70b27b95b152be95a0a3f14b5804",
                "sha256:2a66765b8763a4a47e0c7b3180fd22affacd2fdfe0d9da89afa86b35ba04a3df",
                "sha256:2b4a95c2c873b37608a49173879ebd2efa9888cf860f046c8879360b9b638c8a",
                "sha256:3bad6732c0cc9bec39a5da6f652fdeff085103549717f48c81266fb9ef78edd0",
                "sha256:405563855dbb072e8b4d6e567cfcbe5284e74f7726aa6f13c90eb6c7c89d8041",
                "sha256:47f8f3354aee73ceed58dd374db9aecd422f54815c4a3e40252bd1f9d527d1b7",
                "sha256:5b4f636213a269fc3c6e3fde5a561c9501c18663e6252fc811b1bdecbe561d75",
                "sha256:66da7e273b0c9a03392b37493d62b45f32dc4d8b7045e022943dab29c97f98f0",
                "sha256:680b97e1ae36873b9e9836c5d500f5bd71c221e383eb39c5ca95eb70b425f456",
                "sha256:687962b11143fe01e03facbfefcede9920f1ee4b685f4b6721eb6ffeeb7d0c9e",
                "sha256:6d094cc2afa440cdd26b550722913febc562cc2605a1e384164fe38d10196c55",
                "sha256:6dbc89003ca21d41ab7d829a7d1f4dab602119d5e84a5f0469d262fd24eb4971",
                "sha256:72796df62d50396b59ca18b1fd79be2a4f32c3045316632a1925b84fe4261404",
                "sha256:76f828544fcc2cc8d6675a57d07070918180483078cdf7ec9902a1c23181f893",
                "sha256:7a14dff02065a39c93c36e786ddbbdc14b2ec0d87e21cc21b7cb4f7df46cdf4b",
                "sha256:8c4de58ebe065196c87d31d0ef713e34614bef0833f5bddf50cc7a263d66640f",
                "sha256:8e0d8b901311b9418ea136409fe52a936dc99f607f44558d2508ae6e14a70faa",
                "sha256:9246e168ff71372e241523c07c292c4c158cc464db5171c3622f8830cf0b5388",
                "sha256:9514e4abf586c656fb70cf9dab323a019131a032765997972045059717b7537c",
                "sha256:9b647cd7e0ba378067c8a90b14fe89dabf730fa00364a2ec0da8d4ded9842eba",
                "sha256:a463df26ee4928494228ed4c1c0f2e5691de60e4bde491eb5e293fb2e2e4b657",
                "sha256:aff94e191c2fe4b6d0ff67aedf12216f5222328e027fdd82e7fc3571c0b94c76",
                "sha256:b26e49c9dba60e27974a178e702f4a7870344a92ff7283cb517389cc662c0f77",
                "sha256:b622de2605a6dba1933cad742a3b4f82df2c2b0af90b3df8de4cc78fa417b7a1",
                "sha256:b9ea1bf8663d244665b2bec60c81ab04f36a5306cdbd6b6dfb3ccbc491b8ea2c",
                "sha256:c7850159513982490e95a750bcbf1796cae7a3b3e0d9736684f3650d827150bf",
                "sha256:cc9e005e2dc1f268e40a3d9efd62fb63ffdbd586681c0844a63e5ac703dde41e",
                "sha256:ce5eef3603927afcfeb727e49b3ec56d5a01195c2cbdbe400d9d28638181a3d4",
                "sha256:dcb6a888e691842b4e1830359654575d7d4e09e0cf56b326d506a35a6677f914",
                "sha256:e8b8f11aee3d0e5c064a961688a31577175d835079682aefc0d217052fabb00f",
                "sha256:eaceb2ee5056c80ca7bed28fc7c3f31ed27e5555b2b6eb6f94a9b433251b46c1",
                "sha256:ed0d2889fdc6190277b4b5df5cf8b098a813894ed94eb31ef4e02769930acd42",
                "sha256:ef6823e7d6c5f69b36856b6c788bcdc7d1fcb4370cdcfc38847a67a5c82ee048",
                "sha256:f6ad62632e80fe0babb72248789222bc29392589166dd9a9c64af215e131dc54"
            ],
            "markers": "platform_system == 'Linux'",
            "version": "==1.94.1"
        },
        "idna": {
            "hashes": [
                "sha256:814f528e8dead7d329833b91c5faa87d60bf71824cd12a7530b5526063d02cb4",
                "sha256:90b77e79eaa3eba6de819a0c442c0b4ceefc341a7a2ab77d7562bf49f425c5c2"
            ],
            "markers": "python_version >= '3.5'",
            "version": "==3.4"
        },
        "pyaranet4": {
            "hashes": [
                "sha256:3dc3d7a13649169b6504ca17591e3f60b05ae2e4cb818c1a655543bf394a9810",
                "sha256:fb8b660c06f2c6ee302be7c6a15e6b9812b74b347177f3797ccb98533abc23cd"
            ],
            "index": "pypi",
            "markers": "python_version >= '3.6'",
            "version": "==1.0.3"
        },
        "requests": {
            "hashes": [
                "sha256:7c5599b102feddaa661c826c56ab4fee28bfd17f5abca1ebbe3e7f19d7c97983",
                "sha256:8fefa2a1a1365bf5520aac41836fbee479da67864514bdb821f31ce07ce65349"
            ],
            "index": "pypi",
            "markers": "python_version >= '3.7' and python_version < '4'",
            "version": "==2.28.1"
        },
        "urllib3": {
            "hashes": [
                "sha256:8d36afa7616d8ab714608411b4a3b13e58f463aee519024578e062e141dce20f",
                "sha256:8f135f6502756bde6b2a9b28989df5fbe87c9970cecaa69041edcce7f0589b14"
            ],
            "markers": "python_version >= '2.7' and python_version not in '3.0, 3.1, 3.2, 3.3, 3.4, 3.5'",
            "version": "==1.26.16"
        }
    },
    "develop": {}
}
