{
    "_meta": {
        "hash": {
            "sha256": "0acd201dfb553b565eb83fee717f4062b8accfb7111b52b1f388b0e468739812"
        },
        "pipfile-spec": 6,
        "requires": {
            "python_version": "3"
        },
        "sources": [
            {
                "name": "pypi",
                "url": "https://pypi.org/simple",
                "verify_ssl": true
            },
            {
                "name": "piwheels",
                "url": "https://www.piwheels.org/simple",
                "verify_ssl": true
            }
        ]
    },
    "default": {
        "async-timeout": {
            "hashes": [
                "sha256:4640d96be84d82d02ed59ea2b7105a0f7b33abe8703703cd0ab0bf87c427522f",
                "sha256:7405140ff1230c310e51dc27b3145b9092d659ce68ff733fb0cefe3ee42be028"
            ],
            "markers": "python_version >= '3.7'",
            "version": "==4.0.3"
        },
        "bleak": {
            "hashes": [
                "sha256:ccdba0d17dcceb1326e4e46600b37e9019cd52ce01948e2a3dbd6c94d1e4de01",
                "sha256:cce5200ca9bac7daaa74dd009c867c8c2b161a124e234c74307462e86caf50e6"
            ],
            "index": "pypi",
            "markers": "python_version >= '3.7' and python_version < '4.0'",
            "version": "==0.19.0"
        },
        "certifi": {
            "hashes": [
                "sha256:539cc1d13202e33ca466e88b2807e29f4c13049d6d87031a3c110744495cb082",
                "sha256:92d6037539857d8206b8f6ae472e8b77db8058fec5937a1ef3f54304089edbb9"
            ],
            "markers": "python_version >= '3.6'",
            "version": "==2023.7.22"
        },
        "charset-normalizer": {
            "hashes": [
                "sha256:5a3d016c7c547f69d6f81fb0db9449ce888b418b5b9952cc5e6e66843e9dd845",
                "sha256:83e9a75d1911279afd89352c68b45348559d1fc0506b054b346651b5e7fee29f"
            ],
            "markers": "python_full_version >= '3.6.0'",
            "version": "==2.1.1"
        },
        "dbus-fast": {
            "hashes": [
                "sha256:00904d75fd834e1121c0911d608aa2c25b5a2a58cf64f96d8539f2bfa8487722",
                "sha256:02aa428f4cd218b3a9a3197ee74111c927be1f25b583fb83989858fb23938b01",
                "sha256:03aa2756d3d78b2bc42ad5b3d4454ee5787d063c7c5bc8480d2f3175a625224f",
                "sha256:0a7503cbf2648806d62d110fdaf0ec755136be62e14a7c0ef23ee1725bd5ba28",
                "sha256:0eb37af7a0ff50da2d7aa30fb0504549e279ff623e27203dedd7882ea4d458f5",
                "sha256:0f6f3b9f2681837013801bec69e51e5437c66b8d2b40f5967aaf3de6cac6b759",
                "sha256:22b81ab2d57c085e2d4fcc6f043212f31880827a621c9c4d0f9c4e00e003813c",
                "sha256:2327b84e7ac5575b46295d8edc9a015e71fa169eaeffcfd75aed3599aa90e212",
                "sha256:246c705e3f4d2a4965a841f76000fb56ffa5f8f5b7018fe4142f5532a8bb2a21",
                "sha256:30b2afc5faf33565d3c9e8c306a78ce213fc012417867d494a45406fbfb77e6f",
                "sha256:43975a34162acd99c9a5a869116b37467b03f8d05d5204dfb89c65bc9b55ac8c",
                "sha256:43db21657cad1b9df43f82afaacee2e7de0d7b5fb5f67c616befaf306a3b2b16",
                "sha256:5a845fe510de5ca2e0ded83618e2b35b64a024111a77b68c76ddd8344547e489",
                "sha256:5ad598cda3af05bd9035e48bcb1f35baa8017a758b6f9b73b05c81b472b62675",
                "sha256:61bc8a4db8af7ec8d7023744a7e35337c4ab2441a1f5fff4487137d4e404ffee",
                "sha256:7234791456604d61bb7640a07915df458546e7134b54b4573276ff5f521b80ba",
                "sha256:7f8ee2103116d9dcd486095c486eabf9c3d35b0c4eaf9120029722ab534103a6",
                "sha256:806bdb638b50066c496110f77d83c0b5a7831868844148366ed0cf625be597c0",
                "sha256:809e2377cbdd4eed70f6015c8ee8e249b8c1d59de73d49bcdc0c22dbc338bcbd",
                "sha256:81ffcae594a2539b72a7c6ff2c2c6f0ce83c732a6a0d89cfbee446b9d86f3612",
                "sha256:8bca2ba0c00366b8d740c5aa779b671bd87e33976af4ad47d171452cb9571ed2",
                "sha256:8d97dde480e0ecd042be2c47477a88c41343524c904b8f4f602de443c7d4c03f",
                "sha256:9383f90ae89ef74686d68b66908fe7ec8696e47599e0b1d07d07f8e0c67ff611",
                "sha256:998a9cc70225fd349989460cc67692cadfa93be4b71fbad87f003dc68a4661e8",
                "sha256:9ecd23926fd26a3097f6198b5d4b24aa584263fae62bc90860e4ecdc83953112",
                "sha256:a3b80db84f85bdb29f28305d3fee7839ddcf3a5007397b91581d5c6fd39530f9",
                "sha256:bef7aef604c5550b88e47e4743eddccb4e951362cca00a7d0eff8d0a64c6d878",
                "sha256:c63e8411cfb98c3267804b92a0d4c184ef72d53d3191ccf5c717c88f7300ceba",
                "sha256:c7b7881d33bf7724b9351c24907d42d72c1fb6f2fac574d4014d9968837e61a9",
                "sha256:cc4e23ad9d16f1f79b80ec65cf67bab1074d155ef985696317d4edaa876ba999",
                "sha256:d1450dd7a112511ed1edcfc784f2a46af72841d55a83556166c9e9d135e5d68c",
                "sha256:d38010c87bdc5c79144ea95e3ac014200392c135b58d5b8fc896550948b287f3",
                "sha256:f4796b7163c529bc602df3a6284b2d2edd6afd3218ef5654644f4dad8c4a4d14",
                "sha256:fbb35c27d366ff160351ff57221bf3fe7acf8761bc413580679f06a9833b4fc1"
            ],
            "markers": "platform_system == 'Linux'",
            "version": "==1.95.0"
        },
        "idna": {
            "hashes": [
                "sha256:814f528e8dead7d329833b91c5faa87d60bf71824cd12a7530b5526063d02cb4",
                "sha256:90b77e79eaa3eba6de819a0c442c0b4ceefc341a7a2ab77d7562bf49f425c5c2"
            ],
            "markers": "python_version >= '3.5'",
            "version": "==3.4"
        },
        "pyaranet4": {
            "hashes": [
                "sha256:3dc3d7a13649169b6504ca17591e3f60b05ae2e4cb818c1a655543bf394a9810",
                "sha256:fb8b660c06f2c6ee302be7c6a15e6b9812b74b347177f3797ccb98533abc23cd"
            ],
            "index": "pypi",
            "markers": "python_version >= '3.6'",
            "version": "==1.0.3"
        },
        "requests": {
            "hashes": [
                "sha256:7c5599b102feddaa661c826c56ab4fee28bfd17f5abca1ebbe3e7f19d7c97983",
                "sha256:8fefa2a1a1365bf5520aac41836fbee479da67864514bdb821f31ce07ce65349"
            ],
            "index": "pypi",
            "markers": "python_version >= '3.7' and python_version < '4'",
            "version": "==2.28.1"
        },
        "urllib3": {
            "hashes": [
                "sha256:8d36afa7616d8ab714608411b4a3b13e58f463aee519024578e062e141dce20f",
                "sha256:8f135f6502756bde6b2a9b28989df5fbe87c9970cecaa69041edcce7f0589b14"
            ],
            "markers": "python_version >= '2.7' and python_version not in '3.0, 3.1, 3.2, 3.3, 3.4, 3.5'",
            "version": "==1.26.16"
        }
    },
    "develop": {}
}
